{
  "version": 4,
  "terraform_version": "1.3.7",
  "serial": 282,
  "lineage": "ad315112-f39c-2995-d4a0-0b9a4c0208a2",
  "outputs": {},
  "resources": [
    {
      "module": "module.crypto_streams",
      "mode": "managed",
      "type": "aws_kinesis_stream",
      "name": "crypto-stream",
      "provider": "provider[\"registry.terraform.io/hashicorp/aws\"]",
      "instances": [
        {
          "schema_version": 1,
          "attributes": {
            "arn": "arn:aws:kinesis:ap-southeast-2:074047115132:stream/crypto_streams",
            "encryption_type": "NONE",
            "enforce_consumer_deletion": false,
            "id": "arn:aws:kinesis:ap-southeast-2:074047115132:stream/crypto_streams",
            "kms_key_id": "",
            "name": "crypto_streams",
            "retention_period": 24,
            "shard_count": 1,
            "shard_level_metrics": [
              "IncomingRecords",
              "OutgoingRecords"
            ],
            "stream_mode_details": [
              {
                "stream_mode": "PROVISIONED"
              }
            ],
            "tags": {
              "Name": "crypto_streams"
            },
            "tags_all": {
              "Name": "crypto_streams"
            },
            "timeouts": null
          },
          "sensitive_attributes": [],
          "private": "eyJlMmJmYjczMC1lY2FhLTExZTYtOGY4OC0zNDM2M2JjN2M0YzAiOnsiY3JlYXRlIjozMDAwMDAwMDAwMDAsImRlbGV0ZSI6NzIwMDAwMDAwMDAwMCwidXBkYXRlIjo3MjAwMDAwMDAwMDAwfSwic2NoZW1hX3ZlcnNpb24iOiIxIn0="
        }
      ]
    },
    {
      "module": "module.delivery_stream",
      "mode": "managed",
      "type": "aws_iam_role",
      "name": "firehose_role",
      "provider": "provider[\"registry.terraform.io/hashicorp/aws\"]",
      "instances": [
        {
          "schema_version": 0,
          "attributes": {
            "arn": "arn:aws:iam::074047115132:role/Firehose_role",
            "assume_role_policy": "{\"Statement\":[{\"Action\":\"sts:AssumeRole\",\"Effect\":\"Allow\",\"Principal\":{\"Service\":\"firehose.amazonaws.com\"}}],\"Version\":\"2008-10-17\"}",
            "create_date": "2023-05-10T08:00:19Z",
            "description": "",
            "force_detach_policies": false,
            "id": "Firehose_role",
            "inline_policy": [
              {
                "name": "firehose_to_s3",
                "policy": "{\"Statement\":[{\"Action\":\"kinesis:*\",\"Effect\":\"Allow\",\"Resource\":\"*\"},{\"Action\":\"s3:*\",\"Effect\":\"Allow\",\"Resource\":[\"arn:aws:s3:::historical-bucket\"]},{\"Action\":[\"logs:CreateLogGroup\",\"logs:CreateLogStream\",\"logs:PutLogEvents\",\"logs:DescribeLogStreams\"],\"Effect\":\"Allow\",\"Resource\":\"arn:aws:logs:*:*:*\"}]}"
              }
            ],
            "managed_policy_arns": [],
            "max_session_duration": 3600,
            "name": "Firehose_role",
            "name_prefix": "",
            "path": "/",
            "permissions_boundary": null,
            "tags": {},
            "tags_all": {},
            "unique_id": "AROARCPMNJ56BEBLHYLQ5"
          },
          "sensitive_attributes": [],
          "private": "bnVsbA==",
          "dependencies": [
            "module.crypto_streams.aws_kinesis_stream.crypto-stream",
            "module.s3_historical.aws_s3_bucket.bucket"
          ]
        }
      ]
    },
    {
      "module": "module.delivery_stream",
      "mode": "managed",
      "type": "aws_iam_role_policy",
      "name": "firehose_stream_policy",
      "provider": "provider[\"registry.terraform.io/hashicorp/aws\"]",
      "instances": [
        {
          "schema_version": 0,
          "attributes": {
            "id": "Firehose_role:firehose_to_s3",
            "name": "firehose_to_s3",
            "name_prefix": null,
            "policy": "{\"Statement\":[{\"Action\":\"kinesis:*\",\"Effect\":\"Allow\",\"Resource\":\"*\"},{\"Action\":\"s3:*\",\"Effect\":\"Allow\",\"Resource\":[\"arn:aws:s3:::historical-bucket\"]},{\"Action\":[\"logs:CreateLogGroup\",\"logs:CreateLogStream\",\"logs:PutLogEvents\",\"logs:DescribeLogStreams\"],\"Effect\":\"Allow\",\"Resource\":\"arn:aws:logs:*:*:*\"}]}",
            "role": "Firehose_role"
          },
          "sensitive_attributes": [],
          "private": "bnVsbA==",
          "dependencies": [
            "module.crypto_streams.aws_kinesis_stream.crypto-stream",
            "module.delivery_stream.aws_iam_role.firehose_role",
            "module.s3_historical.aws_s3_bucket.bucket"
          ]
        }
      ]
    },
    {
      "module": "module.delivery_stream",
      "mode": "managed",
      "type": "aws_kinesis_firehose_delivery_stream",
      "name": "deliver",
      "provider": "provider[\"registry.terraform.io/hashicorp/aws\"]",
      "instances": [
        {
          "schema_version": 1,
          "attributes": {
            "arn": "arn:aws:firehose:ap-southeast-2:074047115132:deliverystream/historical_stream",
            "destination": "s3",
            "destination_id": "destinationId-000000000001",
            "elasticsearch_configuration": [],
            "extended_s3_configuration": [],
            "http_endpoint_configuration": [],
            "id": "arn:aws:firehose:ap-southeast-2:074047115132:deliverystream/historical_stream",
            "kinesis_source_configuration": [
              {
                "kinesis_stream_arn": "arn:aws:kinesis:ap-southeast-2:074047115132:stream/crypto_streams",
                "role_arn": "arn:aws:iam::074047115132:role/Firehose_role"
              }
            ],
            "name": "historical_stream",
            "redshift_configuration": [],
            "s3_configuration": [
              {
                "bucket_arn": "arn:aws:s3:::historical-bucket",
                "buffer_interval": 60,
                "buffer_size": 5,
                "cloudwatch_logging_options": [
                  {
                    "enabled": false,
                    "log_group_name": "",
                    "log_stream_name": ""
                  }
                ],
                "compression_format": "ZIP",
                "error_output_prefix": "",
                "kms_key_arn": "",
                "prefix": "",
                "role_arn": "arn:aws:iam::074047115132:role/Firehose_role"
              }
            ],
            "server_side_encryption": [
              {
                "enabled": false,
                "key_arn": "",
                "key_type": "AWS_OWNED_CMK"
              }
            ],
            "splunk_configuration": [],
            "tags": {},
            "tags_all": {},
            "timeouts": null,
            "version_id": "1"
          },
          "sensitive_attributes": [],
          "private": "eyJlMmJmYjczMC1lY2FhLTExZTYtOGY4OC0zNDM2M2JjN2M0YzAiOnsiY3JlYXRlIjoxODAwMDAwMDAwMDAwLCJkZWxldGUiOjE4MDAwMDAwMDAwMDAsInVwZGF0ZSI6NjAwMDAwMDAwMDAwfSwic2NoZW1hX3ZlcnNpb24iOiIxIn0=",
          "dependencies": [
            "module.crypto_streams.aws_kinesis_stream.crypto-stream",
            "module.delivery_stream.aws_iam_role.firehose_role",
            "module.s3_historical.aws_s3_bucket.bucket"
          ]
        }
      ]
    },
    {
      "module": "module.eks",
      "mode": "data",
      "type": "aws_subnets",
      "name": "public_subnets",
      "provider": "provider[\"registry.terraform.io/hashicorp/aws\"]",
      "instances": [
        {
          "schema_version": 0,
          "attributes": {
            "filter": [
              {
                "name": "vpc-id",
                "values": [
                  "vpc-0309e667021b10c9e"
                ]
              }
            ],
            "id": "ap-southeast-2",
            "ids": [
              "subnet-01d6174b8d7ddd1aa",
              "subnet-080d8dbeabfe6672d"
            ],
            "tags": null,
            "timeouts": null
          },
          "sensitive_attributes": []
        }
      ]
    },
    {
      "module": "module.eks",
      "mode": "managed",
      "type": "aws_eks_cluster",
      "name": "eks_cluster",
      "provider": "provider[\"registry.terraform.io/hashicorp/aws\"]",
      "instances": [
        {
          "schema_version": 0,
          "attributes": {
            "arn": "arn:aws:eks:ap-southeast-2:074047115132:cluster/ingestion_cluster-cluster",
            "certificate_authority": [
              {
                "data": "LS0tLS1CRUdJTiBDRVJUSUZJQ0FURS0tLS0tCk1JSUMvakNDQWVhZ0F3SUJBZ0lCQURBTkJna3Foa2lHOXcwQkFRc0ZBREFWTVJNd0VRWURWUVFERXdwcmRXSmwKY201bGRHVnpNQjRYRFRJek1EVXhNREE0TURRME5Gb1hEVE16TURVd056QTRNRFEwTkZvd0ZURVRNQkVHQTFVRQpBeE1LYTNWaVpYSnVaWFJsY3pDQ0FTSXdEUVlKS29aSWh2Y05BUUVCQlFBRGdnRVBBRENDQVFvQ2dnRUJBTG9NCkRkczF2Ly9WeGRCMUlmeHJka3l6YUM2cDRXWENmK2JsTk9BSUNXMzk5Z3E2VDhaeUVyVHh1MDRJTWNwaU1pd1kKYXdJL0dsZVVGSkRIRWhEckxibGlGYzY3QmN2L1JPYW5ieGVIak90RVJrdFRSR0tRTHZaNHZZR2xiU2k0RVJkQgppcGMrQTBGUjlORHRDdzQxSUNKTm9CSTN5NXg3YmcxNHZxK0dkMDBHOW9oUFhRbXhsZmZkNEVBRW9wS0hGQjJZCkp4SSs4SURlb1dZYnN5QmlrUGU3TWd2enUyZitST0k0Mk1jNElVbks2Um9qT3M2MW5DY1d5WnpJQThTNEhaRWQKUmt3djVHNlowZzZ0TGlUL3NQeU1OK3psaHJqTTNEdG9uT01tM1NHUnJ5MzVMT1QrREtwUVdoRmg2aXVVMzNEVwpzOG1TaWZkeTUwaDloRlE3Ty9jQ0F3RUFBYU5aTUZjd0RnWURWUjBQQVFIL0JBUURBZ0trTUE4R0ExVWRFd0VCCi93UUZNQU1CQWY4d0hRWURWUjBPQkJZRUZHaGhGNTUyMWZGQ083Slp5STBHWVQzUVJML0FNQlVHQTFVZEVRUU8KTUF5Q0NtdDFZbVZ5Ym1WMFpYTXdEUVlKS29aSWh2Y05BUUVMQlFBRGdnRUJBQmsxM1BFTVhXUTJORml5TmRregowUlpkL05NdmRWSHpvVUJFSDQ3QnQrbUtTbU5mN2lvbUh1WFcwelp4WWg3WHpmaTdENWRVMlJxcHp1MnRucHRlCk9hNUxISC9IaURKU1NyeTNzdXdtei9xK2tINU0rMXBrdmxjMG5vWmRsaVcvUWpsMHZNZk9JTFd5N3phWXFydXEKVlZEcWVtRUJ4OWhYdEFMTE5WTDVQcEY2NXArazhLWUZIb3BadXVNUGtKQ2lmME5qRDVoSVoxMFVMNlJyOWVtYgpFWkdXQzF3aG9TUmFtNHp5Ylg2Q3JRbHBmc3BmdzgwUEYyMjV5NWx1ZGhBTjBjV3V5RmMrV2podWl1RysyenEyCjROMGtEa2duL0ZkQVBCb1lRZG9qTFpZaTNKYngwYlBQS2t1cXR0M0p6ZnZwQk1EQXVmS3h5bHIvV0xOREI0WUIKN2NnPQotLS0tLUVORCBDRVJUSUZJQ0FURS0tLS0tCg=="
              }
            ],
            "cluster_id": null,
            "created_at": "2023-05-10 08:00:15.92 +0000 UTC",
            "enabled_cluster_log_types": [],
            "encryption_config": [],
            "endpoint": "https://B64501631EE14149E3100A9F3BE1644F.gr7.ap-southeast-2.eks.amazonaws.com",
            "id": "ingestion_cluster-cluster",
            "identity": [
              {
                "oidc": [
                  {
                    "issuer": "https://oidc.eks.ap-southeast-2.amazonaws.com/id/B64501631EE14149E3100A9F3BE1644F"
                  }
                ]
              }
            ],
            "kubernetes_network_config": [
              {
                "ip_family": "ipv4",
                "service_ipv4_cidr": "10.100.0.0/16",
                "service_ipv6_cidr": ""
              }
            ],
            "name": "ingestion_cluster-cluster",
            "outpost_config": [],
            "platform_version": "eks.2",
            "role_arn": "arn:aws:iam::074047115132:role/ingestion_cluster-cluster-role",
            "status": "ACTIVE",
            "tags": {},
            "tags_all": {},
            "timeouts": null,
            "version": "1.26",
            "vpc_config": [
              {
                "cluster_security_group_id": "sg-0cdc3bfef8d4154e4",
                "endpoint_private_access": false,
                "endpoint_public_access": true,
                "public_access_cidrs": [
                  "0.0.0.0/0"
                ],
                "security_group_ids": [],
                "subnet_ids": [
                  "subnet-01d6174b8d7ddd1aa",
                  "subnet-080d8dbeabfe6672d"
                ],
                "vpc_id": "vpc-0309e667021b10c9e"
              }
            ]
          },
          "sensitive_attributes": [],
          "private": "eyJlMmJmYjczMC1lY2FhLTExZTYtOGY4OC0zNDM2M2JjN2M0YzAiOnsiY3JlYXRlIjoxODAwMDAwMDAwMDAwLCJkZWxldGUiOjkwMDAwMDAwMDAwMCwidXBkYXRlIjozNjAwMDAwMDAwMDAwfX0=",
          "dependencies": [
            "module.eks.aws_iam_role.cluster_role",
            "module.eks.aws_iam_role_policy_attachment.cluster_policy",
            "module.eks.data.aws_subnets.public_subnets",
            "module.eks_vpc.aws_internet_gateway.eks_igw",
            "module.eks_vpc.aws_route_table.public_rt",
            "module.eks_vpc.aws_route_table_association.public_rta1",
            "module.eks_vpc.aws_route_table_association.public_rta2",
            "module.eks_vpc.aws_subnet.public_subnet1",
            "module.eks_vpc.aws_subnet.public_subnet2",
            "module.eks_vpc.aws_vpc.eks_vpc"
          ]
        }
      ]
    },
    {
      "module": "module.eks",
      "mode": "managed",
      "type": "aws_eks_node_group",
      "name": "eks_node",
      "provider": "provider[\"registry.terraform.io/hashicorp/aws\"]",
      "instances": [
        {
          "schema_version": 0,
          "attributes": {
            "ami_type": "AL2_x86_64",
            "arn": "arn:aws:eks:ap-southeast-2:074047115132:nodegroup/ingestion_cluster-cluster/eks_node/b8c40259-6859-c4e7-375c-50176f312ea7",
            "capacity_type": "SPOT",
            "cluster_name": "ingestion_cluster-cluster",
            "disk_size": 20,
            "force_update_version": false,
            "id": "ingestion_cluster-cluster:eks_node",
            "instance_types": [
              "t2.small"
            ],
            "labels": {
              "role": "eks-node"
            },
            "launch_template": [],
            "node_group_name": "eks_node",
            "node_group_name_prefix": "",
            "node_role_arn": "arn:aws:iam::074047115132:role/eks-node-group-policy",
            "release_version": "1.26.2-20230501",
            "remote_access": [],
            "resources": [
              {
                "autoscaling_groups": [
                  {
                    "name": "eks-eks_node-b8c40259-6859-c4e7-375c-50176f312ea7"
                  }
                ],
                "remote_access_security_group_id": ""
              }
            ],
            "scaling_config": [
              {
                "desired_size": 1,
                "max_size": 1,
                "min_size": 1
              }
            ],
            "status": "ACTIVE",
            "subnet_ids": [
              "subnet-01d6174b8d7ddd1aa",
              "subnet-080d8dbeabfe6672d"
            ],
            "tags": {},
            "tags_all": {},
            "taint": [],
            "timeouts": null,
            "update_config": [
              {
                "max_unavailable": 1,
                "max_unavailable_percentage": 0
              }
            ],
            "version": "1.26"
          },
          "sensitive_attributes": [],
          "private": "eyJlMmJmYjczMC1lY2FhLTExZTYtOGY4OC0zNDM2M2JjN2M0YzAiOnsiY3JlYXRlIjozNjAwMDAwMDAwMDAwLCJkZWxldGUiOjM2MDAwMDAwMDAwMDAsInVwZGF0ZSI6MzYwMDAwMDAwMDAwMH19",
          "dependencies": [
            "module.eks.aws_eks_cluster.eks_cluster",
            "module.eks.aws_iam_role.cluster_role",
            "module.eks.aws_iam_role.nodes_role",
            "module.eks.aws_iam_role_policy_attachment.cluster_policy",
            "module.eks.aws_iam_role_policy_attachment.ecr_read_policy",
            "module.eks.aws_iam_role_policy_attachment.eks_cni_policy",
            "module.eks.data.aws_subnets.public_subnets",
            "module.eks_vpc.aws_internet_gateway.eks_igw",
            "module.eks_vpc.aws_route_table.public_rt",
            "module.eks_vpc.aws_route_table_association.public_rta1",
            "module.eks_vpc.aws_route_table_association.public_rta2",
            "module.eks_vpc.aws_subnet.public_subnet1",
            "module.eks_vpc.aws_subnet.public_subnet2",
            "module.eks_vpc.aws_vpc.eks_vpc"
          ]
        }
      ]
    },
    {
      "module": "module.eks",
      "mode": "managed",
      "type": "aws_iam_role",
      "name": "cluster_role",
      "provider": "provider[\"registry.terraform.io/hashicorp/aws\"]",
      "instances": [
        {
          "schema_version": 0,
          "attributes": {
            "arn": "arn:aws:iam::074047115132:role/ingestion_cluster-cluster-role",
            "assume_role_policy": "{\"Statement\":[{\"Action\":\"sts:AssumeRole\",\"Effect\":\"Allow\",\"Principal\":{\"Service\":\"eks.amazonaws.com\"}}],\"Version\":\"2012-10-17\"}",
            "create_date": "2023-05-10T08:00:11Z",
            "description": "",
            "force_detach_policies": false,
            "id": "ingestion_cluster-cluster-role",
            "inline_policy": [],
            "managed_policy_arns": [
              "arn:aws:iam::aws:policy/AmazonEKSClusterPolicy"
            ],
            "max_session_duration": 3600,
            "name": "ingestion_cluster-cluster-role",
            "name_prefix": "",
            "path": "/",
            "permissions_boundary": null,
            "tags": {},
            "tags_all": {},
            "unique_id": "AROARCPMNJ56DKSLMQFOV"
          },
          "sensitive_attributes": [],
          "private": "bnVsbA==",
          "dependencies": [
            "module.eks_vpc.aws_internet_gateway.eks_igw",
            "module.eks_vpc.aws_route_table.public_rt",
            "module.eks_vpc.aws_route_table_association.public_rta1",
            "module.eks_vpc.aws_route_table_association.public_rta2",
            "module.eks_vpc.aws_subnet.public_subnet1",
            "module.eks_vpc.aws_subnet.public_subnet2",
            "module.eks_vpc.aws_vpc.eks_vpc"
          ]
        }
      ]
    },
    {
      "module": "module.eks",
      "mode": "managed",
      "type": "aws_iam_role",
      "name": "nodes_role",
      "provider": "provider[\"registry.terraform.io/hashicorp/aws\"]",
      "instances": [
        {
          "schema_version": 0,
          "attributes": {
            "arn": "arn:aws:iam::074047115132:role/eks-node-group-policy",
            "assume_role_policy": "{\"Statement\":[{\"Action\":\"sts:AssumeRole\",\"Effect\":\"Allow\",\"Principal\":{\"Service\":\"ec2.amazonaws.com\"}}],\"Version\":\"2012-10-17\"}",
            "create_date": "2023-05-10T08:00:11Z",
            "description": "",
            "force_detach_policies": false,
            "id": "eks-node-group-policy",
            "inline_policy": [],
            "managed_policy_arns": [
              "arn:aws:iam::aws:policy/AmazonEC2ContainerRegistryReadOnly",
              "arn:aws:iam::aws:policy/AmazonEKSWorkerNodePolicy",
              "arn:aws:iam::aws:policy/AmazonEKS_CNI_Policy"
            ],
            "max_session_duration": 3600,
            "name": "eks-node-group-policy",
            "name_prefix": "",
            "path": "/",
            "permissions_boundary": null,
            "tags": {},
            "tags_all": {},
            "unique_id": "AROARCPMNJ56OB43C2GRB"
          },
          "sensitive_attributes": [],
          "private": "bnVsbA==",
          "dependencies": [
            "module.eks_vpc.aws_internet_gateway.eks_igw",
            "module.eks_vpc.aws_route_table.public_rt",
            "module.eks_vpc.aws_route_table_association.public_rta1",
            "module.eks_vpc.aws_route_table_association.public_rta2",
            "module.eks_vpc.aws_subnet.public_subnet1",
            "module.eks_vpc.aws_subnet.public_subnet2",
            "module.eks_vpc.aws_vpc.eks_vpc"
          ]
        }
      ]
    },
    {
      "module": "module.eks",
      "mode": "managed",
      "type": "aws_iam_role_policy_attachment",
      "name": "cluster_policy",
      "provider": "provider[\"registry.terraform.io/hashicorp/aws\"]",
      "instances": [
        {
          "schema_version": 0,
          "attributes": {
            "id": "ingestion_cluster-cluster-role-20230510080013329500000002",
            "policy_arn": "arn:aws:iam::aws:policy/AmazonEKSClusterPolicy",
            "role": "ingestion_cluster-cluster-role"
          },
          "sensitive_attributes": [],
          "private": "bnVsbA==",
          "dependencies": [
            "module.eks.aws_iam_role.cluster_role",
            "module.eks_vpc.aws_internet_gateway.eks_igw",
            "module.eks_vpc.aws_route_table.public_rt",
            "module.eks_vpc.aws_route_table_association.public_rta1",
            "module.eks_vpc.aws_route_table_association.public_rta2",
            "module.eks_vpc.aws_subnet.public_subnet1",
            "module.eks_vpc.aws_subnet.public_subnet2",
            "module.eks_vpc.aws_vpc.eks_vpc"
          ]
        }
      ]
    },
    {
      "module": "module.eks",
      "mode": "managed",
      "type": "aws_iam_role_policy_attachment",
      "name": "ecr_read_policy",
      "provider": "provider[\"registry.terraform.io/hashicorp/aws\"]",
      "instances": [
        {
          "schema_version": 0,
          "attributes": {
            "id": "eks-node-group-policy-20230510080013434400000003",
            "policy_arn": "arn:aws:iam::aws:policy/AmazonEC2ContainerRegistryReadOnly",
            "role": "eks-node-group-policy"
          },
          "sensitive_attributes": [],
          "private": "bnVsbA==",
          "dependencies": [
            "module.eks.aws_iam_role.nodes_role",
            "module.eks_vpc.aws_internet_gateway.eks_igw",
            "module.eks_vpc.aws_route_table.public_rt",
            "module.eks_vpc.aws_route_table_association.public_rta1",
            "module.eks_vpc.aws_route_table_association.public_rta2",
            "module.eks_vpc.aws_subnet.public_subnet1",
            "module.eks_vpc.aws_subnet.public_subnet2",
            "module.eks_vpc.aws_vpc.eks_vpc"
          ]
        }
      ]
    },
    {
      "module": "module.eks",
      "mode": "managed",
      "type": "aws_iam_role_policy_attachment",
      "name": "eks_cni_policy",
      "provider": "provider[\"registry.terraform.io/hashicorp/aws\"]",
      "instances": [
        {
          "schema_version": 0,
          "attributes": {
            "id": "eks-node-group-policy-20230510080013663500000004",
            "policy_arn": "arn:aws:iam::aws:policy/AmazonEKS_CNI_Policy",
            "role": "eks-node-group-policy"
          },
          "sensitive_attributes": [],
          "private": "bnVsbA==",
          "dependencies": [
            "module.eks.aws_iam_role.nodes_role",
            "module.eks_vpc.aws_internet_gateway.eks_igw",
            "module.eks_vpc.aws_route_table.public_rt",
            "module.eks_vpc.aws_route_table_association.public_rta1",
            "module.eks_vpc.aws_route_table_association.public_rta2",
            "module.eks_vpc.aws_subnet.public_subnet1",
            "module.eks_vpc.aws_subnet.public_subnet2",
            "module.eks_vpc.aws_vpc.eks_vpc"
          ]
        }
      ]
    },
    {
      "module": "module.eks",
      "mode": "managed",
      "type": "aws_iam_role_policy_attachment",
      "name": "eks_worker_node_policy",
      "provider": "provider[\"registry.terraform.io/hashicorp/aws\"]",
      "instances": [
        {
          "schema_version": 0,
          "attributes": {
            "id": "eks-node-group-policy-20230510080013753700000005",
            "policy_arn": "arn:aws:iam::aws:policy/AmazonEKSWorkerNodePolicy",
            "role": "eks-node-group-policy"
          },
          "sensitive_attributes": [],
          "private": "bnVsbA==",
          "dependencies": [
            "module.eks.aws_iam_role.nodes_role",
            "module.eks_vpc.aws_internet_gateway.eks_igw",
            "module.eks_vpc.aws_route_table.public_rt",
            "module.eks_vpc.aws_route_table_association.public_rta1",
            "module.eks_vpc.aws_route_table_association.public_rta2",
            "module.eks_vpc.aws_subnet.public_subnet1",
            "module.eks_vpc.aws_subnet.public_subnet2",
            "module.eks_vpc.aws_vpc.eks_vpc"
          ]
        }
      ]
    },
    {
      "module": "module.eks_vpc",
      "mode": "managed",
      "type": "aws_internet_gateway",
      "name": "eks_igw",
      "provider": "provider[\"registry.terraform.io/hashicorp/aws\"]",
      "instances": [
        {
          "schema_version": 0,
          "attributes": {
            "arn": "arn:aws:ec2:ap-southeast-2:074047115132:internet-gateway/igw-017c0826fa2fdd6f6",
            "id": "igw-017c0826fa2fdd6f6",
            "owner_id": "074047115132",
            "tags": {
              "Name": "EKS-Internet_gateway"
            },
            "tags_all": {
              "Name": "EKS-Internet_gateway"
            },
            "timeouts": null,
            "vpc_id": "vpc-0309e667021b10c9e"
          },
          "sensitive_attributes": [],
          "private": "eyJlMmJmYjczMC1lY2FhLTExZTYtOGY4OC0zNDM2M2JjN2M0YzAiOnsiY3JlYXRlIjoxMjAwMDAwMDAwMDAwLCJkZWxldGUiOjEyMDAwMDAwMDAwMDAsInVwZGF0ZSI6MTIwMDAwMDAwMDAwMH19",
          "dependencies": [
            "module.eks_vpc.aws_vpc.eks_vpc"
          ]
        }
      ]
    },
    {
      "module": "module.eks_vpc",
      "mode": "managed",
      "type": "aws_route_table",
      "name": "public_rt",
      "provider": "provider[\"registry.terraform.io/hashicorp/aws\"]",
      "instances": [
        {
          "schema_version": 0,
          "attributes": {
            "arn": "arn:aws:ec2:ap-southeast-2:074047115132:route-table/rtb-0a49783dcc1f434d2",
            "id": "rtb-0a49783dcc1f434d2",
            "owner_id": "074047115132",
            "propagating_vgws": [],
            "route": [
              {
                "carrier_gateway_id": "",
                "cidr_block": "0.0.0.0/0",
                "core_network_arn": "",
                "destination_prefix_list_id": "",
                "egress_only_gateway_id": "",
                "gateway_id": "igw-017c0826fa2fdd6f6",
                "instance_id": "",
                "ipv6_cidr_block": "",
                "local_gateway_id": "",
                "nat_gateway_id": "",
                "network_interface_id": "",
                "transit_gateway_id": "",
                "vpc_endpoint_id": "",
                "vpc_peering_connection_id": ""
              }
            ],
            "tags": {
              "Name": "public_rt"
            },
            "tags_all": {
              "Name": "public_rt"
            },
            "timeouts": null,
            "vpc_id": "vpc-0309e667021b10c9e"
          },
          "sensitive_attributes": [],
          "private": "eyJlMmJmYjczMC1lY2FhLTExZTYtOGY4OC0zNDM2M2JjN2M0YzAiOnsiY3JlYXRlIjozMDAwMDAwMDAwMDAsImRlbGV0ZSI6MzAwMDAwMDAwMDAwLCJ1cGRhdGUiOjEyMDAwMDAwMDAwMH19",
          "dependencies": [
            "module.eks_vpc.aws_internet_gateway.eks_igw",
            "module.eks_vpc.aws_vpc.eks_vpc"
          ]
        }
      ]
    },
    {
      "module": "module.eks_vpc",
      "mode": "managed",
      "type": "aws_route_table_association",
      "name": "public_rta1",
      "provider": "provider[\"registry.terraform.io/hashicorp/aws\"]",
      "instances": [
        {
          "schema_version": 0,
          "attributes": {
            "gateway_id": "",
            "id": "rtbassoc-079e4c51d0fd3efc1",
            "route_table_id": "rtb-0a49783dcc1f434d2",
            "subnet_id": "subnet-01d6174b8d7ddd1aa"
          },
          "sensitive_attributes": [],
          "private": "bnVsbA==",
          "dependencies": [
            "module.eks_vpc.aws_internet_gateway.eks_igw",
            "module.eks_vpc.aws_route_table.public_rt",
            "module.eks_vpc.aws_subnet.public_subnet1",
            "module.eks_vpc.aws_vpc.eks_vpc"
          ]
        }
      ]
    },
    {
      "module": "module.eks_vpc",
      "mode": "managed",
      "type": "aws_route_table_association",
      "name": "public_rta2",
      "provider": "provider[\"registry.terraform.io/hashicorp/aws\"]",
      "instances": [
        {
          "schema_version": 0,
          "attributes": {
            "gateway_id": "",
            "id": "rtbassoc-09a07ce8639870aa9",
            "route_table_id": "rtb-0a49783dcc1f434d2",
            "subnet_id": "subnet-080d8dbeabfe6672d"
          },
          "sensitive_attributes": [],
          "private": "bnVsbA==",
          "dependencies": [
            "module.eks_vpc.aws_internet_gateway.eks_igw",
            "module.eks_vpc.aws_route_table.public_rt",
            "module.eks_vpc.aws_subnet.public_subnet2",
            "module.eks_vpc.aws_vpc.eks_vpc"
          ]
        }
      ]
    },
    {
      "module": "module.eks_vpc",
      "mode": "managed",
      "type": "aws_subnet",
      "name": "public_subnet1",
      "provider": "provider[\"registry.terraform.io/hashicorp/aws\"]",
      "instances": [
        {
          "schema_version": 1,
          "attributes": {
            "arn": "arn:aws:ec2:ap-southeast-2:074047115132:subnet/subnet-01d6174b8d7ddd1aa",
            "assign_ipv6_address_on_creation": false,
            "availability_zone": "ap-southeast-2a",
            "availability_zone_id": "apse2-az3",
            "cidr_block": "192.168.0.0/18",
            "customer_owned_ipv4_pool": "",
            "enable_dns64": false,
            "enable_resource_name_dns_a_record_on_launch": false,
            "enable_resource_name_dns_aaaa_record_on_launch": false,
            "id": "subnet-01d6174b8d7ddd1aa",
            "ipv6_cidr_block": "",
            "ipv6_cidr_block_association_id": "",
            "ipv6_native": false,
            "map_customer_owned_ip_on_launch": false,
            "map_public_ip_on_launch": true,
            "outpost_arn": "",
            "owner_id": "074047115132",
            "private_dns_hostname_type_on_launch": "ip-name",
            "tags": {
              "Name": "public-ap-southeast-2a",
              "kubernetes.io/cluster/eks": "shared",
              "kubernetes.io/role/elb": "1"
            },
            "tags_all": {
              "Name": "public-ap-southeast-2a",
              "kubernetes.io/cluster/eks": "shared",
              "kubernetes.io/role/elb": "1"
            },
            "timeouts": null,
            "vpc_id": "vpc-0309e667021b10c9e"
          },
          "sensitive_attributes": [],
          "private": "eyJlMmJmYjczMC1lY2FhLTExZTYtOGY4OC0zNDM2M2JjN2M0YzAiOnsiY3JlYXRlIjo2MDAwMDAwMDAwMDAsImRlbGV0ZSI6MTIwMDAwMDAwMDAwMH0sInNjaGVtYV92ZXJzaW9uIjoiMSJ9",
          "dependencies": [
            "module.eks_vpc.aws_vpc.eks_vpc"
          ]
        }
      ]
    },
    {
      "module": "module.eks_vpc",
      "mode": "managed",
      "type": "aws_subnet",
      "name": "public_subnet2",
      "provider": "provider[\"registry.terraform.io/hashicorp/aws\"]",
      "instances": [
        {
          "schema_version": 1,
          "attributes": {
            "arn": "arn:aws:ec2:ap-southeast-2:074047115132:subnet/subnet-080d8dbeabfe6672d",
            "assign_ipv6_address_on_creation": false,
            "availability_zone": "ap-southeast-2b",
            "availability_zone_id": "apse2-az1",
            "cidr_block": "192.168.64.0/18",
            "customer_owned_ipv4_pool": "",
            "enable_dns64": false,
            "enable_resource_name_dns_a_record_on_launch": false,
            "enable_resource_name_dns_aaaa_record_on_launch": false,
            "id": "subnet-080d8dbeabfe6672d",
            "ipv6_cidr_block": "",
            "ipv6_cidr_block_association_id": "",
            "ipv6_native": false,
            "map_customer_owned_ip_on_launch": false,
            "map_public_ip_on_launch": true,
            "outpost_arn": "",
            "owner_id": "074047115132",
            "private_dns_hostname_type_on_launch": "ip-name",
            "tags": {
              "Name": "public-ap-southeast-2b",
              "kubernetes.io/cluster/eks": "shared",
              "kubernetes.io/role/elb": "1"
            },
            "tags_all": {
              "Name": "public-ap-southeast-2b",
              "kubernetes.io/cluster/eks": "shared",
              "kubernetes.io/role/elb": "1"
            },
            "timeouts": null,
            "vpc_id": "vpc-0309e667021b10c9e"
          },
          "sensitive_attributes": [],
          "private": "eyJlMmJmYjczMC1lY2FhLTExZTYtOGY4OC0zNDM2M2JjN2M0YzAiOnsiY3JlYXRlIjo2MDAwMDAwMDAwMDAsImRlbGV0ZSI6MTIwMDAwMDAwMDAwMH0sInNjaGVtYV92ZXJzaW9uIjoiMSJ9",
          "dependencies": [
            "module.eks_vpc.aws_vpc.eks_vpc"
          ]
        }
      ]
    },
    {
      "module": "module.eks_vpc",
      "mode": "managed",
      "type": "aws_vpc",
      "name": "eks_vpc",
      "provider": "provider[\"registry.terraform.io/hashicorp/aws\"]",
      "instances": [
        {
          "schema_version": 1,
          "attributes": {
            "arn": "arn:aws:ec2:ap-southeast-2:074047115132:vpc/vpc-0309e667021b10c9e",
            "assign_generated_ipv6_cidr_block": false,
            "cidr_block": "192.168.0.0/16",
            "default_network_acl_id": "acl-04542eb69d17c8547",
            "default_route_table_id": "rtb-073c9917400372a64",
            "default_security_group_id": "sg-02bfbb8d503007aed",
            "dhcp_options_id": "dopt-060492eb07b91a5f9",
            "enable_classiclink": false,
            "enable_classiclink_dns_support": false,
            "enable_dns_hostnames": true,
            "enable_dns_support": true,
            "enable_network_address_usage_metrics": false,
            "id": "vpc-0309e667021b10c9e",
            "instance_tenancy": "default",
            "ipv4_ipam_pool_id": null,
            "ipv4_netmask_length": null,
            "ipv6_association_id": "",
            "ipv6_cidr_block": "",
            "ipv6_cidr_block_network_border_group": "",
            "ipv6_ipam_pool_id": "",
            "ipv6_netmask_length": 0,
            "main_route_table_id": "rtb-073c9917400372a64",
            "owner_id": "074047115132",
            "tags": {
              "Name": "EKS-VPC"
            },
            "tags_all": {
              "Name": "EKS-VPC"
            }
          },
          "sensitive_attributes": [],
          "private": "eyJzY2hlbWFfdmVyc2lvbiI6IjEifQ=="
        }
      ]
    },
    {
      "module": "module.ingestion-repository",
      "mode": "managed",
      "type": "aws_ecr_repository",
      "name": "repository",
      "provider": "provider[\"registry.terraform.io/hashicorp/aws\"]",
      "instances": [
        {
          "schema_version": 0,
          "attributes": {
            "arn": "arn:aws:ecr:ap-southeast-2:074047115132:repository/ingestion-repository",
            "encryption_configuration": [
              {
                "encryption_type": "AES256",
                "kms_key": ""
              }
            ],
            "force_delete": null,
            "id": "ingestion-repository",
            "image_scanning_configuration": [
              {
                "scan_on_push": true
              }
            ],
            "image_tag_mutability": "MUTABLE",
            "name": "ingestion-repository",
            "registry_id": "074047115132",
            "repository_url": "074047115132.dkr.ecr.ap-southeast-2.amazonaws.com/ingestion-repository",
            "tags": {
              "Name": "ECR-ingestion-repository"
            },
            "tags_all": {
              "Name": "ECR-ingestion-repository"
            },
            "timeouts": null
          },
          "sensitive_attributes": [],
          "private": "eyJlMmJmYjczMC1lY2FhLTExZTYtOGY4OC0zNDM2M2JjN2M0YzAiOnsiZGVsZXRlIjoxMjAwMDAwMDAwMDAwfX0="
        }
      ]
    },
    {
      "module": "module.lambda_processor",
      "mode": "data",
      "type": "aws_ecr_repository",
      "name": "ecr_repository",
      "provider": "provider[\"registry.terraform.io/hashicorp/aws\"]",
      "instances": [
        {
          "schema_version": 0,
          "attributes": {
            "arn": "arn:aws:ecr:ap-southeast-2:074047115132:repository/ingestion-repository",
            "encryption_configuration": [
              {
                "encryption_type": "AES256",
                "kms_key": ""
              }
            ],
            "id": "ingestion-repository",
            "image_scanning_configuration": [
              {
                "scan_on_push": true
              }
            ],
            "image_tag_mutability": "MUTABLE",
            "most_recent_image_tags": [],
            "name": "ingestion-repository",
            "registry_id": "074047115132",
            "repository_url": "074047115132.dkr.ecr.ap-southeast-2.amazonaws.com/ingestion-repository",
            "tags": {
              "Name": "ECR-ingestion-repository"
            }
          },
          "sensitive_attributes": []
        }
      ]
    },
    {
      "module": "module.lambda_processor",
      "mode": "managed",
      "type": "aws_iam_policy",
      "name": "read_from_kinesis",
      "provider": "provider[\"registry.terraform.io/hashicorp/aws\"]",
      "instances": [
        {
          "schema_version": 0,
          "attributes": {
            "arn": "arn:aws:iam::074047115132:policy/Lambda-Kinesis_read_policy",
            "description": "",
            "id": "arn:aws:iam::074047115132:policy/Lambda-Kinesis_read_policy",
            "name": "Lambda-Kinesis_read_policy",
            "name_prefix": null,
            "path": "/",
            "policy": "{\"Statement\":[{\"Action\":[\"kinesis:DescribeStream\",\"kinesis:DescribeStreamSummary\",\"kinesis:GetRecords\",\"kinesis:GetShardIterator\",\"kinesis:ListShards\",\"kinesis:ListStreams\",\"kinesis:SubscribeToShard\",\"logs:CreateLogGroup\",\"logs:CreateLogStream\",\"logs:PutLogEvents\"],\"Effect\":\"Allow\",\"Resource\":\"*\"}],\"Version\":\"2012-10-17\"}",
            "policy_id": "ANPARCPMNJ56PRUDURENZ",
            "tags": {},
            "tags_all": {}
          },
          "sensitive_attributes": [],
          "private": "bnVsbA==",
          "dependencies": [
            "module.processor-repository.aws_ecr_repository.repository"
          ]
        }
      ]
    },
    {
      "module": "module.lambda_processor",
      "mode": "managed",
      "type": "aws_iam_role",
      "name": "lambda_func_role",
      "provider": "provider[\"registry.terraform.io/hashicorp/aws\"]",
      "instances": [
        {
          "schema_version": 0,
          "attributes": {
            "arn": "arn:aws:iam::074047115132:role/python-processor-ingestion-repository-role",
            "assume_role_policy": "{\"Statement\":[{\"Action\":\"sts:AssumeRole\",\"Effect\":\"Allow\",\"Principal\":{\"Service\":\"lambda.amazonaws.com\"}}],\"Version\":\"2008-10-17\"}",
            "create_date": "2023-05-10T07:59:49Z",
            "description": "",
            "force_detach_policies": false,
            "id": "python-processor-ingestion-repository-role",
            "inline_policy": [],
            "managed_policy_arns": [
              "arn:aws:iam::074047115132:policy/Lambda-Kinesis_read_policy"
            ],
            "max_session_duration": 3600,
            "name": "python-processor-ingestion-repository-role",
            "name_prefix": "",
            "path": "/",
            "permissions_boundary": null,
            "tags": {},
            "tags_all": {},
            "unique_id": "AROARCPMNJ56D43INBT2Y"
          },
          "sensitive_attributes": [],
          "private": "bnVsbA==",
          "dependencies": [
            "module.processor-repository.aws_ecr_repository.repository"
          ]
        }
      ]
    },
    {
      "module": "module.lambda_processor",
      "mode": "managed",
      "type": "aws_iam_role_policy_attachment",
      "name": "kinesis_execution",
      "provider": "provider[\"registry.terraform.io/hashicorp/aws\"]",
      "instances": [
        {
          "schema_version": 0,
          "attributes": {
            "id": "python-processor-ingestion-repository-role-20230510075951035700000001",
            "policy_arn": "arn:aws:iam::074047115132:policy/Lambda-Kinesis_read_policy",
            "role": "python-processor-ingestion-repository-role"
          },
          "sensitive_attributes": [],
          "private": "bnVsbA==",
          "dependencies": [
            "module.lambda_processor.aws_iam_policy.read_from_kinesis",
            "module.lambda_processor.aws_iam_role.lambda_func_role",
            "module.processor-repository.aws_ecr_repository.repository"
          ]
        }
      ]
    },
    {
      "module": "module.lambda_processor",
      "mode": "managed",
      "type": "aws_lambda_event_source_mapping",
      "name": "event_source_mapper",
      "provider": "provider[\"registry.terraform.io/hashicorp/aws\"]",
      "instances": [
        {
          "schema_version": 0,
          "attributes": {
            "amazon_managed_kafka_event_source_config": [],
            "batch_size": 100,
            "bisect_batch_on_function_error": false,
            "destination_config": [
              {
                "on_failure": [
                  {
                    "destination_arn": null
                  }
                ]
              }
            ],
            "enabled": true,
            "event_source_arn": "arn:aws:kinesis:ap-southeast-2:074047115132:stream/crypto_streams",
            "filter_criteria": [],
            "function_arn": "arn:aws:lambda:ap-southeast-2:074047115132:function:python-processor",
            "function_name": "arn:aws:lambda:ap-southeast-2:074047115132:function:python-processor",
            "function_response_types": null,
            "id": "a85f993c-1efe-462d-8c67-e378d6455ffe",
            "last_modified": "2023-05-10T08:16:00Z",
            "last_processing_result": "No records processed",
            "maximum_batching_window_in_seconds": 0,
            "maximum_record_age_in_seconds": -1,
            "maximum_retry_attempts": -1,
            "parallelization_factor": 1,
            "queues": null,
            "scaling_config": [],
            "self_managed_event_source": [],
            "self_managed_kafka_event_source_config": [],
            "source_access_configuration": [],
            "starting_position": "LATEST",
            "starting_position_timestamp": "",
            "state": "Enabled",
            "state_transition_reason": "User action",
            "topics": null,
            "tumbling_window_in_seconds": 0,
            "uuid": "a85f993c-1efe-462d-8c67-e378d6455ffe"
          },
          "sensitive_attributes": [],
          "private": "bnVsbA==",
          "dependencies": [
            "module.crypto_streams.aws_kinesis_stream.crypto-stream",
            "module.lambda_processor.aws_iam_role.lambda_func_role",
            "module.lambda_processor.aws_iam_role_policy_attachment.kinesis_execution",
            "module.lambda_processor.aws_lambda_function.lambda_func",
            "module.lambda_processor.data.aws_ecr_repository.ecr_repository",
            "module.processor-repository.aws_ecr_repository.repository"
          ]
        }
      ]
    },
    {
      "module": "module.lambda_processor",
      "mode": "managed",
      "type": "aws_lambda_function",
      "name": "lambda_func",
      "provider": "provider[\"registry.terraform.io/hashicorp/aws\"]",
      "instances": [
        {
          "schema_version": 0,
          "attributes": {
            "architectures": [
              "x86_64"
            ],
            "arn": "arn:aws:lambda:ap-southeast-2:074047115132:function:python-processor",
            "code_signing_config_arn": "",
            "dead_letter_config": [],
            "description": "",
            "environment": [],
            "ephemeral_storage": [
              {
                "size": 512
              }
            ],
            "file_system_config": [],
            "filename": null,
            "function_name": "python-processor",
            "handler": "",
            "id": "python-processor",
            "image_config": [],
            "image_uri": "074047115132.dkr.ecr.ap-southeast-2.amazonaws.com/ingestion-repository:latest",
            "invoke_arn": "arn:aws:apigateway:ap-southeast-2:lambda:path/2015-03-31/functions/arn:aws:lambda:ap-southeast-2:074047115132:function:python-processor/invocations",
            "kms_key_arn": "",
            "last_modified": "2023-05-10T08:16:03.487+0000",
            "layers": null,
            "memory_size": 128,
            "package_type": "Image",
            "publish": false,
            "qualified_arn": "arn:aws:lambda:ap-southeast-2:074047115132:function:python-processor:$LATEST",
            "qualified_invoke_arn": "arn:aws:apigateway:ap-southeast-2:lambda:path/2015-03-31/functions/arn:aws:lambda:ap-southeast-2:074047115132:function:python-processor:$LATEST/invocations",
            "replace_security_groups_on_destroy": null,
            "replacement_security_group_ids": null,
            "reserved_concurrent_executions": -1,
            "role": "arn:aws:iam::074047115132:role/python-processor-ingestion-repository-role",
            "runtime": "",
            "s3_bucket": null,
            "s3_key": null,
            "s3_object_version": null,
            "signing_job_arn": "",
            "signing_profile_version_arn": "",
            "skip_destroy": false,
            "snap_start": [],
            "source_code_hash": "6217beffe74033740d54cdc2dca9a262c87129e26db9f53cd4eee85e00bf6e14",
            "source_code_size": 0,
            "tags": null,
            "tags_all": {},
            "timeout": 60,
            "timeouts": null,
            "tracing_config": [
              {
                "mode": "PassThrough"
              }
            ],
            "version": "$LATEST",
            "vpc_config": []
          },
          "sensitive_attributes": [],
          "private": "eyJlMmJmYjczMC1lY2FhLTExZTYtOGY4OC0zNDM2M2JjN2M0YzAiOnsiY3JlYXRlIjo2MDAwMDAwMDAwMDAsImRlbGV0ZSI6NjAwMDAwMDAwMDAwLCJ1cGRhdGUiOjYwMDAwMDAwMDAwMH19",
          "dependencies": [
            "module.lambda_processor.aws_iam_role.lambda_func_role",
            "module.lambda_processor.data.aws_ecr_repository.ecr_repository",
            "module.processor-repository.aws_ecr_repository.repository"
          ]
        }
      ]
    },
    {
      "module": "module.lambda_processor",
      "mode": "managed",
      "type": "aws_lambda_function_event_invoke_config",
      "name": "kinesis_invoker",
      "provider": "provider[\"registry.terraform.io/hashicorp/aws\"]",
      "instances": [
        {
          "schema_version": 0,
          "attributes": {
            "destination_config": [],
            "function_name": "python-processor",
            "id": "python-processor",
            "maximum_event_age_in_seconds": 60,
            "maximum_retry_attempts": 1,
            "qualifier": ""
          },
          "sensitive_attributes": [],
          "private": "bnVsbA==",
          "dependencies": [
            "module.lambda_processor.aws_iam_role.lambda_func_role",
            "module.lambda_processor.aws_lambda_function.lambda_func",
            "module.lambda_processor.data.aws_ecr_repository.ecr_repository",
            "module.processor-repository.aws_ecr_repository.repository"
          ]
        }
      ]
    },
    {
      "module": "module.processor-repository",
      "mode": "managed",
      "type": "aws_ecr_repository",
      "name": "repository",
      "provider": "provider[\"registry.terraform.io/hashicorp/aws\"]",
      "instances": [
        {
          "schema_version": 0,
          "attributes": {
            "arn": "arn:aws:ecr:ap-southeast-2:074047115132:repository/processor-repository",
            "encryption_configuration": [
              {
                "encryption_type": "AES256",
                "kms_key": ""
              }
            ],
            "force_delete": null,
            "id": "processor-repository",
            "image_scanning_configuration": [
              {
                "scan_on_push": true
              }
            ],
            "image_tag_mutability": "MUTABLE",
            "name": "processor-repository",
            "registry_id": "074047115132",
            "repository_url": "074047115132.dkr.ecr.ap-southeast-2.amazonaws.com/processor-repository",
            "tags": {
              "Name": "ECR-processor-repository"
            },
            "tags_all": {
              "Name": "ECR-processor-repository"
            },
            "timeouts": null
          },
          "sensitive_attributes": [],
          "private": "eyJlMmJmYjczMC1lY2FhLTExZTYtOGY4OC0zNDM2M2JjN2M0YzAiOnsiZGVsZXRlIjoxMjAwMDAwMDAwMDAwfX0="
        }
      ]
    },
    {
      "module": "module.s3_historical",
      "mode": "managed",
      "type": "aws_s3_bucket",
      "name": "bucket",
      "provider": "provider[\"registry.terraform.io/hashicorp/aws\"]",
      "instances": [
        {
          "schema_version": 0,
          "attributes": {
            "acceleration_status": "",
            "acl": null,
            "arn": "arn:aws:s3:::historical-bucket",
            "bucket": "historical-bucket",
            "bucket_domain_name": "historical-bucket.s3.amazonaws.com",
            "bucket_prefix": null,
            "bucket_regional_domain_name": "historical-bucket.s3.ap-southeast-2.amazonaws.com",
            "cors_rule": [],
            "force_destroy": false,
            "grant": [
              {
                "id": "c722f2ea5f06af188748e1fd39ef6407cbd048932f4c47f9aa9edaf6e120f53f",
                "permissions": [
                  "FULL_CONTROL"
                ],
                "type": "CanonicalUser",
                "uri": ""
              }
            ],
            "hosted_zone_id": "Z1WCIGYICN2BYD",
            "id": "historical-bucket",
            "lifecycle_rule": [],
            "logging": [],
            "object_lock_configuration": [],
            "object_lock_enabled": false,
            "policy": "",
            "region": "ap-southeast-2",
            "replication_configuration": [],
            "request_payer": "BucketOwner",
            "server_side_encryption_configuration": [
              {
                "rule": [
                  {
                    "apply_server_side_encryption_by_default": [
                      {
                        "kms_master_key_id": "",
                        "sse_algorithm": "AES256"
                      }
                    ],
                    "bucket_key_enabled": false
                  }
                ]
              }
            ],
            "tags": {
              "Name": "historical-bucket"
            },
            "tags_all": {
              "Name": "historical-bucket"
            },
            "timeouts": null,
            "versioning": [
              {
                "enabled": false,
                "mfa_delete": false
              }
            ],
            "website": [],
            "website_domain": null,
            "website_endpoint": null
          },
          "sensitive_attributes": [],
          "private": "eyJlMmJmYjczMC1lY2FhLTExZTYtOGY4OC0zNDM2M2JjN2M0YzAiOnsiY3JlYXRlIjoxMjAwMDAwMDAwMDAwLCJkZWxldGUiOjM2MDAwMDAwMDAwMDAsInJlYWQiOjEyMDAwMDAwMDAwMDAsInVwZGF0ZSI6MTIwMDAwMDAwMDAwMH19"
        }
      ]
    }
  ],
  "check_results": null
}
