{
  "version": 4,
  "terraform_version": "1.3.7",
  "serial": 213,
  "lineage": "ad315112-f39c-2995-d4a0-0b9a4c0208a2",
  "outputs": {},
  "resources": [
    {
      "module": "module.crypto_streams",
      "mode": "managed",
      "type": "aws_kinesis_stream",
      "name": "crypto-stream",
      "provider": "provider[\"registry.terraform.io/hashicorp/aws\"]",
      "instances": [
        {
          "schema_version": 1,
          "attributes": {
            "arn": "arn:aws:kinesis:ap-southeast-2:074047115132:stream/crypto_streams",
            "encryption_type": "NONE",
            "enforce_consumer_deletion": false,
            "id": "arn:aws:kinesis:ap-southeast-2:074047115132:stream/crypto_streams",
            "kms_key_id": "",
            "name": "crypto_streams",
            "retention_period": 24,
            "shard_count": 1,
            "shard_level_metrics": [
              "IncomingRecords",
              "OutgoingRecords"
            ],
            "stream_mode_details": [
              {
                "stream_mode": "PROVISIONED"
              }
            ],
            "tags": {
              "Name": "crypto_streams"
            },
            "tags_all": {
              "Name": "crypto_streams"
            },
            "timeouts": null
          },
          "sensitive_attributes": [],
          "private": "eyJlMmJmYjczMC1lY2FhLTExZTYtOGY4OC0zNDM2M2JjN2M0YzAiOnsiY3JlYXRlIjozMDAwMDAwMDAwMDAsImRlbGV0ZSI6NzIwMDAwMDAwMDAwMCwidXBkYXRlIjo3MjAwMDAwMDAwMDAwfSwic2NoZW1hX3ZlcnNpb24iOiIxIn0="
        }
      ]
    },
    {
      "module": "module.delivery_stream",
      "mode": "managed",
      "type": "aws_iam_role",
      "name": "firehose_role",
      "provider": "provider[\"registry.terraform.io/hashicorp/aws\"]",
      "instances": [
        {
          "schema_version": 0,
          "attributes": {
            "arn": "arn:aws:iam::074047115132:role/Firehose_role",
            "assume_role_policy": "{\"Statement\":[{\"Action\":\"sts:AssumeRole\",\"Effect\":\"Allow\",\"Principal\":{\"Service\":\"firehose.amazonaws.com\"}}],\"Version\":\"2008-10-17\"}",
            "create_date": "2023-05-06T09:12:13Z",
            "description": "",
            "force_detach_policies": false,
            "id": "Firehose_role",
            "inline_policy": [
              {
                "name": "firehose_to_s3",
                "policy": "{\"Statement\":[{\"Action\":\"kinesis:*\",\"Effect\":\"Allow\",\"Resource\":\"*\"},{\"Action\":\"s3:*\",\"Effect\":\"Allow\",\"Resource\":\"*\"},{\"Action\":[\"logs:CreateLogGroup\",\"logs:CreateLogStream\",\"logs:PutLogEvents\",\"logs:DescribeLogStreams\"],\"Effect\":\"Allow\",\"Resource\":\"arn:aws:logs:*:*:*\"}]}"
              }
            ],
            "managed_policy_arns": [],
            "max_session_duration": 3600,
            "name": "Firehose_role",
            "name_prefix": "",
            "path": "/",
            "permissions_boundary": null,
            "tags": {},
            "tags_all": {},
            "unique_id": "AROARCPMNJ56JBRBPRIRE"
          },
          "sensitive_attributes": [],
          "private": "bnVsbA==",
          "dependencies": [
            "module.crypto_streams.aws_kinesis_stream.crypto-stream",
            "module.s3_historical.aws_s3_bucket.bucket"
          ]
        }
      ]
    },
    {
      "module": "module.delivery_stream",
      "mode": "managed",
      "type": "aws_iam_role_policy",
      "name": "firehose_stream_policy",
      "provider": "provider[\"registry.terraform.io/hashicorp/aws\"]",
      "instances": [
        {
          "schema_version": 0,
          "attributes": {
            "id": "Firehose_role:firehose_to_s3",
            "name": "firehose_to_s3",
            "name_prefix": null,
            "policy": "{\"Statement\":[{\"Action\":\"kinesis:*\",\"Effect\":\"Allow\",\"Resource\":\"*\"},{\"Action\":\"s3:*\",\"Effect\":\"Allow\",\"Resource\":[\"arn:aws:s3:::historical-bucket\"]},{\"Action\":[\"logs:CreateLogGroup\",\"logs:CreateLogStream\",\"logs:PutLogEvents\",\"logs:DescribeLogStreams\"],\"Effect\":\"Allow\",\"Resource\":\"arn:aws:logs:*:*:*\"}]}",
            "role": "Firehose_role"
          },
          "sensitive_attributes": [],
          "private": "bnVsbA==",
          "dependencies": [
            "module.crypto_streams.aws_kinesis_stream.crypto-stream",
            "module.delivery_stream.aws_iam_role.firehose_role",
            "module.s3_historical.aws_s3_bucket.bucket"
          ]
        }
      ]
    },
    {
      "module": "module.delivery_stream",
      "mode": "managed",
      "type": "aws_kinesis_firehose_delivery_stream",
      "name": "deliver",
      "provider": "provider[\"registry.terraform.io/hashicorp/aws\"]",
      "instances": [
        {
          "schema_version": 1,
          "attributes": {
            "arn": "arn:aws:firehose:ap-southeast-2:074047115132:deliverystream/historical_stream",
            "destination": "s3",
            "destination_id": "destinationId-000000000001",
            "elasticsearch_configuration": [],
            "extended_s3_configuration": [],
            "http_endpoint_configuration": [],
            "id": "arn:aws:firehose:ap-southeast-2:074047115132:deliverystream/historical_stream",
            "kinesis_source_configuration": [
              {
                "kinesis_stream_arn": "arn:aws:kinesis:ap-southeast-2:074047115132:stream/crypto_streams",
                "role_arn": "arn:aws:iam::074047115132:role/Firehose_role"
              }
            ],
            "name": "historical_stream",
            "redshift_configuration": [],
            "s3_configuration": [
              {
                "bucket_arn": "arn:aws:s3:::historical-bucket",
                "buffer_interval": 60,
                "buffer_size": 5,
                "cloudwatch_logging_options": [
                  {
                    "enabled": true,
                    "log_group_name": "temp",
                    "log_stream_name": "TempStream"
                  }
                ],
                "compression_format": "ZIP",
                "error_output_prefix": "",
                "kms_key_arn": "",
                "prefix": "",
                "role_arn": "arn:aws:iam::074047115132:role/Firehose_role"
              }
            ],
            "server_side_encryption": [
              {
                "enabled": false,
                "key_arn": "",
                "key_type": "AWS_OWNED_CMK"
              }
            ],
            "splunk_configuration": [],
            "tags": {},
            "tags_all": {},
            "timeouts": null,
            "version_id": "3"
          },
          "sensitive_attributes": [],
          "private": "eyJlMmJmYjczMC1lY2FhLTExZTYtOGY4OC0zNDM2M2JjN2M0YzAiOnsiY3JlYXRlIjoxODAwMDAwMDAwMDAwLCJkZWxldGUiOjE4MDAwMDAwMDAwMDAsInVwZGF0ZSI6NjAwMDAwMDAwMDAwfSwic2NoZW1hX3ZlcnNpb24iOiIxIn0=",
          "dependencies": [
            "module.crypto_streams.aws_kinesis_stream.crypto-stream",
            "module.delivery_stream.aws_iam_role.firehose_role",
            "module.s3_historical.aws_s3_bucket.bucket"
          ]
        }
      ]
    },
    {
      "module": "module.eks",
      "mode": "data",
      "type": "aws_subnets",
      "name": "public_subnets",
      "provider": "provider[\"registry.terraform.io/hashicorp/aws\"]",
      "instances": [
        {
          "schema_version": 0,
          "attributes": {
            "filter": [
              {
                "name": "vpc-id",
                "values": [
                  "vpc-022081adca4c04857"
                ]
              }
            ],
            "id": "ap-southeast-2",
            "ids": [
              "subnet-01c489aefe5eeb19d",
              "subnet-0c1897a909821ec44"
            ],
            "tags": null,
            "timeouts": null
          },
          "sensitive_attributes": []
        }
      ]
    },
    {
      "module": "module.eks",
      "mode": "managed",
      "type": "aws_eks_cluster",
      "name": "eks_cluster",
      "provider": "provider[\"registry.terraform.io/hashicorp/aws\"]",
      "instances": [
        {
          "schema_version": 0,
          "attributes": {
            "arn": "arn:aws:eks:ap-southeast-2:074047115132:cluster/ingestion_cluster-cluster",
            "certificate_authority": [
              {
                "data": "LS0tLS1CRUdJTiBDRVJUSUZJQ0FURS0tLS0tCk1JSUMvakNDQWVhZ0F3SUJBZ0lCQURBTkJna3Foa2lHOXcwQkFRc0ZBREFWTVJNd0VRWURWUVFERXdwcmRXSmwKY201bGRHVnpNQjRYRFRJek1EVXdOVEE1TlRBd04xb1hEVE16TURVd01qQTVOVEF3TjFvd0ZURVRNQkVHQTFVRQpBeE1LYTNWaVpYSnVaWFJsY3pDQ0FTSXdEUVlKS29aSWh2Y05BUUVCQlFBRGdnRVBBRENDQVFvQ2dnRUJBS3d2ClFqd0RCU2pVZU9hbFMrOHdreWRYYXEzbm1xMVpjTGNQZm9iL05jbVRqczhKd1dvZnVuNEVXQmF4NTFxZlhKaWEKZm5na1VqVzU4bEJ2SXZ2T1B1S2lpQjIyN3Q5N3U5aVpiSWw5bDVzTnZVS1V3V0Y2R1B2aXdWNXBBZWFPM0JPdwpOcmNtTDVTWkpJTk16SmJvVTJ6ZXFQeFlpVGFCempDbHlrbldWbzhjaDFKdDBvcUpVTkh0eTlZUFBiaS9FZVZ6CmNKd1V2K2hkMms3b2NiejRQOFlFY2NGUG9DY1liSzNVMCs3WE5nMVI0amdPdmZRcXNKQ3dTNlBQRjNtZUgrY08KbWFxM01IRGNJTFd1VWNHSjZTbEFKUzZPb21kME5USzl4RmN3c0dqOC9iSHlqOTZWaGJVR0ZCeC9KT08vZE4vLwppNlc5azR4QmZneW1Wd1RVSVRrQ0F3RUFBYU5aTUZjd0RnWURWUjBQQVFIL0JBUURBZ0trTUE4R0ExVWRFd0VCCi93UUZNQU1CQWY4d0hRWURWUjBPQkJZRUZNZFR0aWFYWkVLc3dpSHZPR2VTQlE0N1E5S3FNQlVHQTFVZEVRUU8KTUF5Q0NtdDFZbVZ5Ym1WMFpYTXdEUVlKS29aSWh2Y05BUUVMQlFBRGdnRUJBRVRVQ0JISDRwcHJoQmZLV3JUcApqSHUzTUx2MVpDY0dWSys1K09saGxHcVorQzFTMTNIQUxvVzNUV0lRWnhscTJzcUhFRk9FU0d0ditvZld4WjNLCllnRE44bnpDaWpqa1kyL09aZzZtMlA2K1ZldDVLbkR4dWx4OStXMW5VbDVwTDdOOUhkYk5qZ2JqY2o4dzJjK2QKdXI4alBOQ1NKbWRsRnNWOWdMcG9QWW93eTVDWC9PczZtaHJvR2lHcmdTUVhJRXF4TGxNZS9ITUpSblU5NHA3WApQb0xobW1kcXdTd05QbksrblJIUGlFSG9FakhHV3hFTUFpTDJJdm1GYjRHZDJSNlVPNC82YzJ3U1RlMXNXQ2ZJCjhPb0ZWK0o1SWs4TUxoZGt2N0VBNUttUCt5alZsb3Zaem8yYnV5SWdiVUk1cHhHOE9mTVZCMnFBdm95akgwVFgKcnpFPQotLS0tLUVORCBDRVJUSUZJQ0FURS0tLS0tCg=="
              }
            ],
            "cluster_id": null,
            "created_at": "2023-05-05 09:45:32.837 +0000 UTC",
            "enabled_cluster_log_types": [],
            "encryption_config": [],
            "endpoint": "https://9FA952AA0DEB0F08B8829AFAED9F92A8.gr7.ap-southeast-2.eks.amazonaws.com",
            "id": "ingestion_cluster-cluster",
            "identity": [
              {
                "oidc": [
                  {
                    "issuer": "https://oidc.eks.ap-southeast-2.amazonaws.com/id/9FA952AA0DEB0F08B8829AFAED9F92A8"
                  }
                ]
              }
            ],
            "kubernetes_network_config": [
              {
                "ip_family": "ipv4",
                "service_ipv4_cidr": "10.100.0.0/16",
                "service_ipv6_cidr": ""
              }
            ],
            "name": "ingestion_cluster-cluster",
            "outpost_config": [],
            "platform_version": "eks.2",
            "role_arn": "arn:aws:iam::074047115132:role/ingestion_cluster-cluster-role",
            "status": "ACTIVE",
            "tags": {},
            "tags_all": {},
            "timeouts": null,
            "version": "1.26",
            "vpc_config": [
              {
                "cluster_security_group_id": "sg-0751c7a86bf660240",
                "endpoint_private_access": false,
                "endpoint_public_access": true,
                "public_access_cidrs": [
                  "0.0.0.0/0"
                ],
                "security_group_ids": [],
                "subnet_ids": [
                  "subnet-01c489aefe5eeb19d",
                  "subnet-0c1897a909821ec44"
                ],
                "vpc_id": "vpc-022081adca4c04857"
              }
            ]
          },
          "sensitive_attributes": [],
          "private": "eyJlMmJmYjczMC1lY2FhLTExZTYtOGY4OC0zNDM2M2JjN2M0YzAiOnsiY3JlYXRlIjoxODAwMDAwMDAwMDAwLCJkZWxldGUiOjkwMDAwMDAwMDAwMCwidXBkYXRlIjozNjAwMDAwMDAwMDAwfX0=",
          "dependencies": [
            "module.eks.aws_iam_role.cluster_role",
            "module.eks.aws_iam_role_policy_attachment.cluster_policy",
            "module.eks.data.aws_subnets.public_subnets",
            "module.eks_vpc.aws_vpc.eks_vpc"
          ]
        }
      ]
    },
    {
      "module": "module.eks",
      "mode": "managed",
      "type": "aws_eks_node_group",
      "name": "eks_node",
      "provider": "provider[\"registry.terraform.io/hashicorp/aws\"]",
      "instances": [
        {
          "schema_version": 0,
          "attributes": {
            "ami_type": "AL2_x86_64",
            "arn": "arn:aws:eks:ap-southeast-2:074047115132:nodegroup/ingestion_cluster-cluster/eks_node/34c3f5aa-8f5b-3dd4-2d74-7af90cbe84d6",
            "capacity_type": "SPOT",
            "cluster_name": "ingestion_cluster-cluster",
            "disk_size": 20,
            "force_update_version": false,
            "id": "ingestion_cluster-cluster:eks_node",
            "instance_types": [
              "t2.small"
            ],
            "labels": {
              "role": "eks-node"
            },
            "launch_template": [],
            "node_group_name": "eks_node",
            "node_group_name_prefix": "",
            "node_role_arn": "arn:aws:iam::074047115132:role/eks-node-group-policy",
            "release_version": "1.26.2-20230501",
            "remote_access": [],
            "resources": [
              {
                "autoscaling_groups": [
                  {
                    "name": "eks-eks_node-34c3f5aa-8f5b-3dd4-2d74-7af90cbe84d6"
                  }
                ],
                "remote_access_security_group_id": ""
              }
            ],
            "scaling_config": [
              {
                "desired_size": 1,
                "max_size": 1,
                "min_size": 1
              }
            ],
            "status": "ACTIVE",
            "subnet_ids": [
              "subnet-01c489aefe5eeb19d",
              "subnet-0c1897a909821ec44"
            ],
            "tags": {},
            "tags_all": {},
            "taint": [],
            "timeouts": null,
            "update_config": [
              {
                "max_unavailable": 1,
                "max_unavailable_percentage": 0
              }
            ],
            "version": "1.26"
          },
          "sensitive_attributes": [],
          "private": "eyJlMmJmYjczMC1lY2FhLTExZTYtOGY4OC0zNDM2M2JjN2M0YzAiOnsiY3JlYXRlIjozNjAwMDAwMDAwMDAwLCJkZWxldGUiOjM2MDAwMDAwMDAwMDAsInVwZGF0ZSI6MzYwMDAwMDAwMDAwMH19",
          "dependencies": [
            "module.eks.aws_eks_cluster.eks_cluster",
            "module.eks.aws_iam_role.cluster_role",
            "module.eks.aws_iam_role.nodes_role",
            "module.eks.aws_iam_role_policy_attachment.cluster_policy",
            "module.eks.aws_iam_role_policy_attachment.ecr_read_policy",
            "module.eks.aws_iam_role_policy_attachment.eks_cni_policy",
            "module.eks.data.aws_subnets.public_subnets",
            "module.eks_vpc.aws_vpc.eks_vpc"
          ]
        }
      ]
    },
    {
      "module": "module.eks",
      "mode": "managed",
      "type": "aws_iam_role",
      "name": "cluster_role",
      "provider": "provider[\"registry.terraform.io/hashicorp/aws\"]",
      "instances": [
        {
          "schema_version": 0,
          "attributes": {
            "arn": "arn:aws:iam::074047115132:role/ingestion_cluster-cluster-role",
            "assume_role_policy": "{\"Statement\":[{\"Action\":\"sts:AssumeRole\",\"Effect\":\"Allow\",\"Principal\":{\"Service\":\"eks.amazonaws.com\"}}],\"Version\":\"2012-10-17\"}",
            "create_date": "2023-05-05T09:45:26Z",
            "description": "",
            "force_detach_policies": false,
            "id": "ingestion_cluster-cluster-role",
            "inline_policy": [],
            "managed_policy_arns": [
              "arn:aws:iam::aws:policy/AmazonEKSClusterPolicy"
            ],
            "max_session_duration": 3600,
            "name": "ingestion_cluster-cluster-role",
            "name_prefix": "",
            "path": "/",
            "permissions_boundary": null,
            "tags": {},
            "tags_all": {},
            "unique_id": "AROARCPMNJ56PCYLJBXR2"
          },
          "sensitive_attributes": [],
          "private": "bnVsbA=="
        }
      ]
    },
    {
      "module": "module.eks",
      "mode": "managed",
      "type": "aws_iam_role",
      "name": "nodes_role",
      "provider": "provider[\"registry.terraform.io/hashicorp/aws\"]",
      "instances": [
        {
          "schema_version": 0,
          "attributes": {
            "arn": "arn:aws:iam::074047115132:role/eks-node-group-policy",
            "assume_role_policy": "{\"Statement\":[{\"Action\":\"sts:AssumeRole\",\"Effect\":\"Allow\",\"Principal\":{\"Service\":\"ec2.amazonaws.com\"}}],\"Version\":\"2012-10-17\"}",
            "create_date": "2023-05-05T09:45:26Z",
            "description": "",
            "force_detach_policies": false,
            "id": "eks-node-group-policy",
            "inline_policy": [],
            "managed_policy_arns": [
              "arn:aws:iam::aws:policy/AmazonEC2ContainerRegistryReadOnly",
              "arn:aws:iam::aws:policy/AmazonEKSWorkerNodePolicy",
              "arn:aws:iam::aws:policy/AmazonEKS_CNI_Policy"
            ],
            "max_session_duration": 3600,
            "name": "eks-node-group-policy",
            "name_prefix": "",
            "path": "/",
            "permissions_boundary": null,
            "tags": {},
            "tags_all": {},
            "unique_id": "AROARCPMNJ56JQ4VWG23B"
          },
          "sensitive_attributes": [],
          "private": "bnVsbA=="
        }
      ]
    },
    {
      "module": "module.eks",
      "mode": "managed",
      "type": "aws_iam_role_policy_attachment",
      "name": "cluster_policy",
      "provider": "provider[\"registry.terraform.io/hashicorp/aws\"]",
      "instances": [
        {
          "schema_version": 0,
          "attributes": {
            "id": "ingestion_cluster-cluster-role-20230505094529088100000003",
            "policy_arn": "arn:aws:iam::aws:policy/AmazonEKSClusterPolicy",
            "role": "ingestion_cluster-cluster-role"
          },
          "sensitive_attributes": [],
          "private": "bnVsbA==",
          "dependencies": [
            "module.eks.aws_iam_role.cluster_role"
          ]
        }
      ]
    },
    {
      "module": "module.eks",
      "mode": "managed",
      "type": "aws_iam_role_policy_attachment",
      "name": "ecr_read_policy",
      "provider": "provider[\"registry.terraform.io/hashicorp/aws\"]",
      "instances": [
        {
          "schema_version": 0,
          "attributes": {
            "id": "eks-node-group-policy-20230505094529521800000004",
            "policy_arn": "arn:aws:iam::aws:policy/AmazonEC2ContainerRegistryReadOnly",
            "role": "eks-node-group-policy"
          },
          "sensitive_attributes": [],
          "private": "bnVsbA==",
          "dependencies": [
            "module.eks.aws_iam_role.nodes_role"
          ]
        }
      ]
    },
    {
      "module": "module.eks",
      "mode": "managed",
      "type": "aws_iam_role_policy_attachment",
      "name": "eks_cni_policy",
      "provider": "provider[\"registry.terraform.io/hashicorp/aws\"]",
      "instances": [
        {
          "schema_version": 0,
          "attributes": {
            "id": "eks-node-group-policy-20230505094528700500000001",
            "policy_arn": "arn:aws:iam::aws:policy/AmazonEKS_CNI_Policy",
            "role": "eks-node-group-policy"
          },
          "sensitive_attributes": [],
          "private": "bnVsbA==",
          "dependencies": [
            "module.eks.aws_iam_role.nodes_role"
          ]
        }
      ]
    },
    {
      "module": "module.eks",
      "mode": "managed",
      "type": "aws_iam_role_policy_attachment",
      "name": "eks_worker_node_policy",
      "provider": "provider[\"registry.terraform.io/hashicorp/aws\"]",
      "instances": [
        {
          "schema_version": 0,
          "attributes": {
            "id": "eks-node-group-policy-20230505094528700500000002",
            "policy_arn": "arn:aws:iam::aws:policy/AmazonEKSWorkerNodePolicy",
            "role": "eks-node-group-policy"
          },
          "sensitive_attributes": [],
          "private": "bnVsbA==",
          "dependencies": [
            "module.eks.aws_iam_role.nodes_role"
          ]
        }
      ]
    },
    {
      "module": "module.eks_vpc",
      "mode": "managed",
      "type": "aws_internet_gateway",
      "name": "eks_igw",
      "provider": "provider[\"registry.terraform.io/hashicorp/aws\"]",
      "instances": [
        {
          "schema_version": 0,
          "attributes": {
            "arn": "arn:aws:ec2:ap-southeast-2:074047115132:internet-gateway/igw-0ceb90dbc891fa990",
            "id": "igw-0ceb90dbc891fa990",
            "owner_id": "074047115132",
            "tags": {
              "Name": "EKS-Internet_gateway"
            },
            "tags_all": {
              "Name": "EKS-Internet_gateway"
            },
            "timeouts": null,
            "vpc_id": "vpc-022081adca4c04857"
          },
          "sensitive_attributes": [],
          "private": "eyJlMmJmYjczMC1lY2FhLTExZTYtOGY4OC0zNDM2M2JjN2M0YzAiOnsiY3JlYXRlIjoxMjAwMDAwMDAwMDAwLCJkZWxldGUiOjEyMDAwMDAwMDAwMDAsInVwZGF0ZSI6MTIwMDAwMDAwMDAwMH19",
          "dependencies": [
            "module.eks_vpc.aws_vpc.eks_vpc"
          ]
        }
      ]
    },
    {
      "module": "module.eks_vpc",
      "mode": "managed",
      "type": "aws_route_table",
      "name": "public_rt",
      "provider": "provider[\"registry.terraform.io/hashicorp/aws\"]",
      "instances": [
        {
          "schema_version": 0,
          "attributes": {
            "arn": "arn:aws:ec2:ap-southeast-2:074047115132:route-table/rtb-00b665cf9791413af",
            "id": "rtb-00b665cf9791413af",
            "owner_id": "074047115132",
            "propagating_vgws": [],
            "route": [
              {
                "carrier_gateway_id": "",
                "cidr_block": "0.0.0.0/0",
                "core_network_arn": "",
                "destination_prefix_list_id": "",
                "egress_only_gateway_id": "",
                "gateway_id": "igw-0ceb90dbc891fa990",
                "instance_id": "",
                "ipv6_cidr_block": "",
                "local_gateway_id": "",
                "nat_gateway_id": "",
                "network_interface_id": "",
                "transit_gateway_id": "",
                "vpc_endpoint_id": "",
                "vpc_peering_connection_id": ""
              }
            ],
            "tags": {
              "Name": "public_rt"
            },
            "tags_all": {
              "Name": "public_rt"
            },
            "timeouts": null,
            "vpc_id": "vpc-022081adca4c04857"
          },
          "sensitive_attributes": [],
          "private": "eyJlMmJmYjczMC1lY2FhLTExZTYtOGY4OC0zNDM2M2JjN2M0YzAiOnsiY3JlYXRlIjozMDAwMDAwMDAwMDAsImRlbGV0ZSI6MzAwMDAwMDAwMDAwLCJ1cGRhdGUiOjEyMDAwMDAwMDAwMH19",
          "dependencies": [
            "module.eks_vpc.aws_internet_gateway.eks_igw",
            "module.eks_vpc.aws_vpc.eks_vpc"
          ]
        }
      ]
    },
    {
      "module": "module.eks_vpc",
      "mode": "managed",
      "type": "aws_route_table_association",
      "name": "public_rta1",
      "provider": "provider[\"registry.terraform.io/hashicorp/aws\"]",
      "instances": [
        {
          "schema_version": 0,
          "attributes": {
            "gateway_id": "",
            "id": "rtbassoc-03ee11f3451295003",
            "route_table_id": "rtb-00b665cf9791413af",
            "subnet_id": "subnet-0c1897a909821ec44"
          },
          "sensitive_attributes": [],
          "private": "bnVsbA==",
          "dependencies": [
            "module.eks_vpc.aws_internet_gateway.eks_igw",
            "module.eks_vpc.aws_route_table.public_rt",
            "module.eks_vpc.aws_subnet.public_subnet1",
            "module.eks_vpc.aws_vpc.eks_vpc"
          ]
        }
      ]
    },
    {
      "module": "module.eks_vpc",
      "mode": "managed",
      "type": "aws_route_table_association",
      "name": "public_rta2",
      "provider": "provider[\"registry.terraform.io/hashicorp/aws\"]",
      "instances": [
        {
          "schema_version": 0,
          "attributes": {
            "gateway_id": "",
            "id": "rtbassoc-0dd66417906a6f99c",
            "route_table_id": "rtb-00b665cf9791413af",
            "subnet_id": "subnet-01c489aefe5eeb19d"
          },
          "sensitive_attributes": [],
          "private": "bnVsbA==",
          "dependencies": [
            "module.eks_vpc.aws_internet_gateway.eks_igw",
            "module.eks_vpc.aws_route_table.public_rt",
            "module.eks_vpc.aws_subnet.public_subnet2",
            "module.eks_vpc.aws_vpc.eks_vpc"
          ]
        }
      ]
    },
    {
      "module": "module.eks_vpc",
      "mode": "managed",
      "type": "aws_subnet",
      "name": "public_subnet1",
      "provider": "provider[\"registry.terraform.io/hashicorp/aws\"]",
      "instances": [
        {
          "schema_version": 1,
          "attributes": {
            "arn": "arn:aws:ec2:ap-southeast-2:074047115132:subnet/subnet-0c1897a909821ec44",
            "assign_ipv6_address_on_creation": false,
            "availability_zone": "ap-southeast-2a",
            "availability_zone_id": "apse2-az3",
            "cidr_block": "192.168.0.0/18",
            "customer_owned_ipv4_pool": "",
            "enable_dns64": false,
            "enable_resource_name_dns_a_record_on_launch": false,
            "enable_resource_name_dns_aaaa_record_on_launch": false,
            "id": "subnet-0c1897a909821ec44",
            "ipv6_cidr_block": "",
            "ipv6_cidr_block_association_id": "",
            "ipv6_native": false,
            "map_customer_owned_ip_on_launch": false,
            "map_public_ip_on_launch": true,
            "outpost_arn": "",
            "owner_id": "074047115132",
            "private_dns_hostname_type_on_launch": "ip-name",
            "tags": {
              "Name": "public-ap-southeast-2a",
              "kubernetes.io/cluster/eks": "shared",
              "kubernetes.io/role/elb": "1"
            },
            "tags_all": {
              "Name": "public-ap-southeast-2a",
              "kubernetes.io/cluster/eks": "shared",
              "kubernetes.io/role/elb": "1"
            },
            "timeouts": null,
            "vpc_id": "vpc-022081adca4c04857"
          },
          "sensitive_attributes": [],
          "private": "eyJlMmJmYjczMC1lY2FhLTExZTYtOGY4OC0zNDM2M2JjN2M0YzAiOnsiY3JlYXRlIjo2MDAwMDAwMDAwMDAsImRlbGV0ZSI6MTIwMDAwMDAwMDAwMH0sInNjaGVtYV92ZXJzaW9uIjoiMSJ9",
          "dependencies": [
            "module.eks_vpc.aws_vpc.eks_vpc"
          ]
        }
      ]
    },
    {
      "module": "module.eks_vpc",
      "mode": "managed",
      "type": "aws_subnet",
      "name": "public_subnet2",
      "provider": "provider[\"registry.terraform.io/hashicorp/aws\"]",
      "instances": [
        {
          "schema_version": 1,
          "attributes": {
            "arn": "arn:aws:ec2:ap-southeast-2:074047115132:subnet/subnet-01c489aefe5eeb19d",
            "assign_ipv6_address_on_creation": false,
            "availability_zone": "ap-southeast-2b",
            "availability_zone_id": "apse2-az1",
            "cidr_block": "192.168.64.0/18",
            "customer_owned_ipv4_pool": "",
            "enable_dns64": false,
            "enable_resource_name_dns_a_record_on_launch": false,
            "enable_resource_name_dns_aaaa_record_on_launch": false,
            "id": "subnet-01c489aefe5eeb19d",
            "ipv6_cidr_block": "",
            "ipv6_cidr_block_association_id": "",
            "ipv6_native": false,
            "map_customer_owned_ip_on_launch": false,
            "map_public_ip_on_launch": true,
            "outpost_arn": "",
            "owner_id": "074047115132",
            "private_dns_hostname_type_on_launch": "ip-name",
            "tags": {
              "Name": "public-ap-southeast-2b",
              "kubernetes.io/cluster/eks": "shared",
              "kubernetes.io/role/elb": "1"
            },
            "tags_all": {
              "Name": "public-ap-southeast-2b",
              "kubernetes.io/cluster/eks": "shared",
              "kubernetes.io/role/elb": "1"
            },
            "timeouts": null,
            "vpc_id": "vpc-022081adca4c04857"
          },
          "sensitive_attributes": [],
          "private": "eyJlMmJmYjczMC1lY2FhLTExZTYtOGY4OC0zNDM2M2JjN2M0YzAiOnsiY3JlYXRlIjo2MDAwMDAwMDAwMDAsImRlbGV0ZSI6MTIwMDAwMDAwMDAwMH0sInNjaGVtYV92ZXJzaW9uIjoiMSJ9",
          "dependencies": [
            "module.eks_vpc.aws_vpc.eks_vpc"
          ]
        }
      ]
    },
    {
      "module": "module.eks_vpc",
      "mode": "managed",
      "type": "aws_vpc",
      "name": "eks_vpc",
      "provider": "provider[\"registry.terraform.io/hashicorp/aws\"]",
      "instances": [
        {
          "schema_version": 1,
          "attributes": {
            "arn": "arn:aws:ec2:ap-southeast-2:074047115132:vpc/vpc-022081adca4c04857",
            "assign_generated_ipv6_cidr_block": false,
            "cidr_block": "192.168.0.0/16",
            "default_network_acl_id": "acl-078a0f748af941161",
            "default_route_table_id": "rtb-06bc914073f8f4fc2",
            "default_security_group_id": "sg-0affe81ed7e45d06c",
            "dhcp_options_id": "dopt-060492eb07b91a5f9",
            "enable_classiclink": false,
            "enable_classiclink_dns_support": false,
            "enable_dns_hostnames": true,
            "enable_dns_support": true,
            "enable_network_address_usage_metrics": false,
            "id": "vpc-022081adca4c04857",
            "instance_tenancy": "default",
            "ipv4_ipam_pool_id": null,
            "ipv4_netmask_length": null,
            "ipv6_association_id": "",
            "ipv6_cidr_block": "",
            "ipv6_cidr_block_network_border_group": "",
            "ipv6_ipam_pool_id": "",
            "ipv6_netmask_length": 0,
            "main_route_table_id": "rtb-06bc914073f8f4fc2",
            "owner_id": "074047115132",
            "tags": {
              "Name": "EKS-VPC"
            },
            "tags_all": {
              "Name": "EKS-VPC"
            }
          },
          "sensitive_attributes": [],
          "private": "eyJzY2hlbWFfdmVyc2lvbiI6IjEifQ=="
        }
      ]
    },
    {
      "module": "module.ingestion-repository",
      "mode": "managed",
      "type": "aws_ecr_repository",
      "name": "repository",
      "provider": "provider[\"registry.terraform.io/hashicorp/aws\"]",
      "instances": [
        {
          "schema_version": 0,
          "attributes": {
            "arn": "arn:aws:ecr:ap-southeast-2:074047115132:repository/ingestion-repository",
            "encryption_configuration": [
              {
                "encryption_type": "AES256",
                "kms_key": ""
              }
            ],
            "force_delete": null,
            "id": "ingestion-repository",
            "image_scanning_configuration": [
              {
                "scan_on_push": true
              }
            ],
            "image_tag_mutability": "MUTABLE",
            "name": "ingestion-repository",
            "registry_id": "074047115132",
            "repository_url": "074047115132.dkr.ecr.ap-southeast-2.amazonaws.com/ingestion-repository",
            "tags": {
              "Name": "ECR-ingestion-repository"
            },
            "tags_all": {
              "Name": "ECR-ingestion-repository"
            },
            "timeouts": null
          },
          "sensitive_attributes": [],
          "private": "eyJlMmJmYjczMC1lY2FhLTExZTYtOGY4OC0zNDM2M2JjN2M0YzAiOnsiZGVsZXRlIjoxMjAwMDAwMDAwMDAwfX0="
        }
      ]
    },
    {
      "module": "module.lambda_processor",
      "mode": "data",
      "type": "aws_ecr_repository",
      "name": "ecr_repository",
      "provider": "provider[\"registry.terraform.io/hashicorp/aws\"]",
      "instances": [
        {
          "schema_version": 0,
          "attributes": {
            "arn": "arn:aws:ecr:ap-southeast-2:074047115132:repository/ingestion-repository",
            "encryption_configuration": [
              {
                "encryption_type": "AES256",
                "kms_key": ""
              }
            ],
            "id": "ingestion-repository",
            "image_scanning_configuration": [
              {
                "scan_on_push": true
              }
            ],
            "image_tag_mutability": "MUTABLE",
            "most_recent_image_tags": [],
            "name": "ingestion-repository",
            "registry_id": "074047115132",
            "repository_url": "074047115132.dkr.ecr.ap-southeast-2.amazonaws.com/ingestion-repository",
            "tags": {
              "Name": "ECR-ingestion-repository"
            }
          },
          "sensitive_attributes": []
        }
      ]
    },
    {
      "module": "module.lambda_processor",
      "mode": "managed",
      "type": "aws_iam_policy",
      "name": "read_from_kinesis",
      "provider": "provider[\"registry.terraform.io/hashicorp/aws\"]",
      "instances": [
        {
          "schema_version": 0,
          "attributes": {
            "arn": "arn:aws:iam::074047115132:policy/Lambda-Kinesis_read_policy",
            "description": "",
            "id": "arn:aws:iam::074047115132:policy/Lambda-Kinesis_read_policy",
            "name": "Lambda-Kinesis_read_policy",
            "name_prefix": null,
            "path": "/",
            "policy": "{\"Statement\":[{\"Action\":[\"kinesis:DescribeStream\",\"kinesis:DescribeStreamSummary\",\"kinesis:GetRecords\",\"kinesis:GetShardIterator\",\"kinesis:ListShards\",\"kinesis:ListStreams\",\"kinesis:SubscribeToShard\",\"logs:CreateLogGroup\",\"logs:CreateLogStream\",\"logs:PutLogEvents\"],\"Effect\":\"Allow\",\"Resource\":\"*\"}],\"Version\":\"2012-10-17\"}",
            "policy_id": "ANPARCPMNJ56BPIIMTIOL",
            "tags": {},
            "tags_all": {}
          },
          "sensitive_attributes": [],
          "private": "bnVsbA=="
        }
      ]
    },
    {
      "module": "module.lambda_processor",
      "mode": "managed",
      "type": "aws_iam_role",
      "name": "lambda_func_role",
      "provider": "provider[\"registry.terraform.io/hashicorp/aws\"]",
      "instances": [
        {
          "schema_version": 0,
          "attributes": {
            "arn": "arn:aws:iam::074047115132:role/python-processor-ingestion-repository-role",
            "assume_role_policy": "{\"Statement\":[{\"Action\":\"sts:AssumeRole\",\"Effect\":\"Allow\",\"Principal\":{\"Service\":\"lambda.amazonaws.com\"}}],\"Version\":\"2008-10-17\"}",
            "create_date": "2023-05-05T09:25:32Z",
            "description": "",
            "force_detach_policies": false,
            "id": "python-processor-ingestion-repository-role",
            "inline_policy": [],
            "managed_policy_arns": [
              "arn:aws:iam::074047115132:policy/Lambda-Kinesis_read_policy"
            ],
            "max_session_duration": 3600,
            "name": "python-processor-ingestion-repository-role",
            "name_prefix": "",
            "path": "/",
            "permissions_boundary": null,
            "tags": {},
            "tags_all": {},
            "unique_id": "AROARCPMNJ56EHKHSIKT4"
          },
          "sensitive_attributes": [],
          "private": "bnVsbA=="
        }
      ]
    },
    {
      "module": "module.lambda_processor",
      "mode": "managed",
      "type": "aws_iam_role_policy_attachment",
      "name": "kinesis_execution",
      "provider": "provider[\"registry.terraform.io/hashicorp/aws\"]",
      "instances": [
        {
          "schema_version": 0,
          "attributes": {
            "id": "python-processor-ingestion-repository-role-20230506073955327000000001",
            "policy_arn": "arn:aws:iam::074047115132:policy/Lambda-Kinesis_read_policy",
            "role": "python-processor-ingestion-repository-role"
          },
          "sensitive_attributes": [],
          "private": "bnVsbA==",
          "dependencies": [
            "module.lambda_processor.aws_iam_policy.read_from_kinesis",
            "module.lambda_processor.aws_iam_role.lambda_func_role"
          ]
        }
      ]
    },
    {
      "module": "module.lambda_processor",
      "mode": "managed",
      "type": "aws_lambda_event_source_mapping",
      "name": "event_source_mapper",
      "provider": "provider[\"registry.terraform.io/hashicorp/aws\"]",
      "instances": [
        {
          "schema_version": 0,
          "attributes": {
            "amazon_managed_kafka_event_source_config": [],
            "batch_size": 100,
            "bisect_batch_on_function_error": false,
            "destination_config": [
              {
                "on_failure": [
                  {
                    "destination_arn": null
                  }
                ]
              }
            ],
            "enabled": true,
            "event_source_arn": "arn:aws:kinesis:ap-southeast-2:074047115132:stream/crypto_streams",
            "filter_criteria": [],
            "function_arn": "arn:aws:lambda:ap-southeast-2:074047115132:function:python-processor",
            "function_name": "arn:aws:lambda:ap-southeast-2:074047115132:function:python-processor",
            "function_response_types": [],
            "id": "96997849-9322-44f2-8d1f-8434c9118a3d",
            "last_modified": "2023-05-06T07:51:00Z",
            "last_processing_result": "PROBLEM: Function call failed",
            "maximum_batching_window_in_seconds": 0,
            "maximum_record_age_in_seconds": -1,
            "maximum_retry_attempts": -1,
            "parallelization_factor": 1,
            "queues": [],
            "scaling_config": [],
            "self_managed_event_source": [],
            "self_managed_kafka_event_source_config": [],
            "source_access_configuration": [],
            "starting_position": "LATEST",
            "starting_position_timestamp": "",
            "state": "Enabled",
            "state_transition_reason": "User action",
            "topics": [],
            "tumbling_window_in_seconds": 0,
            "uuid": "96997849-9322-44f2-8d1f-8434c9118a3d"
          },
          "sensitive_attributes": [],
          "private": "bnVsbA==",
          "dependencies": [
            "module.crypto_streams.aws_kinesis_stream.crypto-stream",
            "module.lambda_processor.aws_iam_policy.read_from_kinesis",
            "module.lambda_processor.aws_iam_role.lambda_func_role",
            "module.lambda_processor.aws_iam_role_policy_attachment.kinesis_execution",
            "module.lambda_processor.aws_lambda_function.lambda_func",
            "module.lambda_processor.data.aws_ecr_repository.ecr_repository"
          ]
        }
      ]
    },
    {
      "module": "module.lambda_processor",
      "mode": "managed",
      "type": "aws_lambda_function",
      "name": "lambda_func",
      "provider": "provider[\"registry.terraform.io/hashicorp/aws\"]",
      "instances": [
        {
          "schema_version": 0,
          "attributes": {
            "architectures": [
              "x86_64"
            ],
            "arn": "arn:aws:lambda:ap-southeast-2:074047115132:function:python-processor",
            "code_signing_config_arn": "",
            "dead_letter_config": [],
            "description": "",
            "environment": [],
            "ephemeral_storage": [
              {
                "size": 512
              }
            ],
            "file_system_config": [],
            "filename": null,
            "function_name": "python-processor",
            "handler": "",
            "id": "python-processor",
            "image_config": [],
            "image_uri": "074047115132.dkr.ecr.ap-southeast-2.amazonaws.com/ingestion-repository:latest",
            "invoke_arn": "arn:aws:apigateway:ap-southeast-2:lambda:path/2015-03-31/functions/arn:aws:lambda:ap-southeast-2:074047115132:function:python-processor/invocations",
            "kms_key_arn": "",
            "last_modified": "2023-05-05T09:41:57.708+0000",
            "layers": [],
            "memory_size": 128,
            "package_type": "Image",
            "publish": false,
            "qualified_arn": "arn:aws:lambda:ap-southeast-2:074047115132:function:python-processor:$LATEST",
            "qualified_invoke_arn": "arn:aws:apigateway:ap-southeast-2:lambda:path/2015-03-31/functions/arn:aws:lambda:ap-southeast-2:074047115132:function:python-processor:$LATEST/invocations",
            "replace_security_groups_on_destroy": null,
            "replacement_security_group_ids": null,
            "reserved_concurrent_executions": -1,
            "role": "arn:aws:iam::074047115132:role/python-processor-ingestion-repository-role",
            "runtime": "",
            "s3_bucket": null,
            "s3_key": null,
            "s3_object_version": null,
            "signing_job_arn": "",
            "signing_profile_version_arn": "",
            "skip_destroy": false,
            "snap_start": [],
            "source_code_hash": "13005f9dc956f9882721a419f2c325e436b0e15b2d136ee0d1902cd55a3708f6",
            "source_code_size": 0,
            "tags": {},
            "tags_all": {},
            "timeout": 60,
            "timeouts": null,
            "tracing_config": [
              {
                "mode": "PassThrough"
              }
            ],
            "version": "$LATEST",
            "vpc_config": []
          },
          "sensitive_attributes": [],
          "private": "eyJlMmJmYjczMC1lY2FhLTExZTYtOGY4OC0zNDM2M2JjN2M0YzAiOnsiY3JlYXRlIjo2MDAwMDAwMDAwMDAsImRlbGV0ZSI6NjAwMDAwMDAwMDAwLCJ1cGRhdGUiOjYwMDAwMDAwMDAwMH19",
          "dependencies": [
            "module.lambda_processor.aws_iam_role.lambda_func_role",
            "module.lambda_processor.data.aws_ecr_repository.ecr_repository"
          ]
        }
      ]
    },
    {
      "module": "module.lambda_processor",
      "mode": "managed",
      "type": "aws_lambda_function_event_invoke_config",
      "name": "kinesis_invoker",
      "provider": "provider[\"registry.terraform.io/hashicorp/aws\"]",
      "instances": [
        {
          "schema_version": 0,
          "attributes": {
            "destination_config": [],
            "function_name": "python-processor",
            "id": "python-processor",
            "maximum_event_age_in_seconds": 60,
            "maximum_retry_attempts": 1,
            "qualifier": ""
          },
          "sensitive_attributes": [],
          "private": "bnVsbA==",
          "dependencies": [
            "module.lambda_processor.aws_iam_role.lambda_func_role",
            "module.lambda_processor.aws_lambda_function.lambda_func",
            "module.lambda_processor.data.aws_ecr_repository.ecr_repository"
          ]
        }
      ]
    },
    {
      "module": "module.processor-repository",
      "mode": "managed",
      "type": "aws_ecr_repository",
      "name": "repository",
      "provider": "provider[\"registry.terraform.io/hashicorp/aws\"]",
      "instances": [
        {
          "schema_version": 0,
          "attributes": {
            "arn": "arn:aws:ecr:ap-southeast-2:074047115132:repository/processor-repository",
            "encryption_configuration": [
              {
                "encryption_type": "AES256",
                "kms_key": ""
              }
            ],
            "force_delete": null,
            "id": "processor-repository",
            "image_scanning_configuration": [
              {
                "scan_on_push": true
              }
            ],
            "image_tag_mutability": "MUTABLE",
            "name": "processor-repository",
            "registry_id": "074047115132",
            "repository_url": "074047115132.dkr.ecr.ap-southeast-2.amazonaws.com/processor-repository",
            "tags": {
              "Name": "ECR-processor-repository"
            },
            "tags_all": {
              "Name": "ECR-processor-repository"
            },
            "timeouts": null
          },
          "sensitive_attributes": [],
          "private": "eyJlMmJmYjczMC1lY2FhLTExZTYtOGY4OC0zNDM2M2JjN2M0YzAiOnsiZGVsZXRlIjoxMjAwMDAwMDAwMDAwfX0="
        }
      ]
    },
    {
      "module": "module.s3_historical",
      "mode": "managed",
      "type": "aws_s3_bucket",
      "name": "bucket",
      "provider": "provider[\"registry.terraform.io/hashicorp/aws\"]",
      "instances": [
        {
          "schema_version": 0,
          "attributes": {
            "acceleration_status": "",
            "acl": null,
            "arn": "arn:aws:s3:::historical-bucket",
            "bucket": "historical-bucket",
            "bucket_domain_name": "historical-bucket.s3.amazonaws.com",
            "bucket_prefix": null,
            "bucket_regional_domain_name": "historical-bucket.s3.ap-southeast-2.amazonaws.com",
            "cors_rule": [],
            "force_destroy": false,
            "grant": [
              {
                "id": "c722f2ea5f06af188748e1fd39ef6407cbd048932f4c47f9aa9edaf6e120f53f",
                "permissions": [
                  "FULL_CONTROL"
                ],
                "type": "CanonicalUser",
                "uri": ""
              }
            ],
            "hosted_zone_id": "Z1WCIGYICN2BYD",
            "id": "historical-bucket",
            "lifecycle_rule": [],
            "logging": [],
            "object_lock_configuration": [],
            "object_lock_enabled": false,
            "policy": "",
            "region": "ap-southeast-2",
            "replication_configuration": [],
            "request_payer": "BucketOwner",
            "server_side_encryption_configuration": [
              {
                "rule": [
                  {
                    "apply_server_side_encryption_by_default": [
                      {
                        "kms_master_key_id": "",
                        "sse_algorithm": "AES256"
                      }
                    ],
                    "bucket_key_enabled": false
                  }
                ]
              }
            ],
            "tags": {
              "Name": "historical-bucket"
            },
            "tags_all": {
              "Name": "historical-bucket"
            },
            "timeouts": null,
            "versioning": [
              {
                "enabled": false,
                "mfa_delete": false
              }
            ],
            "website": [],
            "website_domain": null,
            "website_endpoint": null
          },
          "sensitive_attributes": [],
          "private": "eyJlMmJmYjczMC1lY2FhLTExZTYtOGY4OC0zNDM2M2JjN2M0YzAiOnsiY3JlYXRlIjoxMjAwMDAwMDAwMDAwLCJkZWxldGUiOjM2MDAwMDAwMDAwMDAsInJlYWQiOjEyMDAwMDAwMDAwMDAsInVwZGF0ZSI6MTIwMDAwMDAwMDAwMH19"
        }
      ]
    }
  ],
  "check_results": null
}
