{
  "version": 4,
  "terraform_version": "1.3.7",
  "serial": 10,
  "lineage": "ad315112-f39c-2995-d4a0-0b9a4c0208a2",
  "outputs": {},
  "resources": [
    {
      "module": "module.ingestion-repository",
      "mode": "managed",
      "type": "aws_ecr_repository",
      "name": "repository",
      "provider": "provider[\"registry.terraform.io/hashicorp/aws\"]",
      "instances": [
        {
          "schema_version": 0,
          "attributes": {
            "arn": "arn:aws:ecr:us-east-1:074047115132:repository/ingestion-repository",
            "encryption_configuration": [
              {
                "encryption_type": "AES256",
                "kms_key": ""
              }
            ],
            "force_delete": null,
            "id": "ingestion-repository",
            "image_scanning_configuration": [
              {
                "scan_on_push": true
              }
            ],
            "image_tag_mutability": "MUTABLE",
            "name": "ingestion-repository",
            "registry_id": "074047115132",
            "repository_url": "074047115132.dkr.ecr.us-east-1.amazonaws.com/ingestion-repository",
            "tags": {
              "Name": "ECR-ingestion-repository"
            },
            "tags_all": {
              "Name": "ECR-ingestion-repository"
            },
            "timeouts": null
          },
          "sensitive_attributes": [],
          "private": "eyJlMmJmYjczMC1lY2FhLTExZTYtOGY4OC0zNDM2M2JjN2M0YzAiOnsiZGVsZXRlIjoxMjAwMDAwMDAwMDAwfX0="
        }
      ]
    },
    {
      "module": "module.lambda_processor",
      "mode": "data",
      "type": "aws_ecr_repository",
      "name": "ecr_repository",
      "provider": "provider[\"registry.terraform.io/hashicorp/aws\"]",
      "instances": [
        {
          "schema_version": 0,
          "attributes": {
            "arn": "arn:aws:ecr:us-east-1:074047115132:repository/processor-repository",
            "encryption_configuration": [
              {
                "encryption_type": "AES256",
                "kms_key": ""
              }
            ],
            "id": "processor-repository",
            "image_scanning_configuration": [
              {
                "scan_on_push": true
              }
            ],
            "image_tag_mutability": "MUTABLE",
            "most_recent_image_tags": [],
            "name": "processor-repository",
            "registry_id": "074047115132",
            "repository_url": "074047115132.dkr.ecr.us-east-1.amazonaws.com/processor-repository",
            "tags": {
              "Name": "ECR-processor-repository"
            }
          },
          "sensitive_attributes": []
        }
      ]
    },
    {
      "module": "module.lambda_processor",
      "mode": "managed",
      "type": "aws_iam_role",
      "name": "lambda_func_role",
      "provider": "provider[\"registry.terraform.io/hashicorp/aws\"]",
      "instances": [
        {
          "schema_version": 0,
          "attributes": {
            "arn": "arn:aws:iam::074047115132:role/python-processor-processor-repository-role",
            "assume_role_policy": "{\"Statement\":[{\"Action\":\"sts:AssumeRole\",\"Effect\":\"Allow\",\"Principal\":{\"Service\":\"lambda.amazonaws.com\"}}],\"Version\":\"2008-10-17\"}",
            "create_date": "2023-04-28T09:18:08Z",
            "description": "",
            "force_detach_policies": false,
            "id": "python-processor-processor-repository-role",
            "inline_policy": [],
            "managed_policy_arns": [],
            "max_session_duration": 3600,
            "name": "python-processor-processor-repository-role",
            "name_prefix": "",
            "path": "/",
            "permissions_boundary": null,
            "tags": null,
            "tags_all": {},
            "unique_id": "AROARCPMNJ56DTT5KPNOV"
          },
          "sensitive_attributes": [],
          "private": "bnVsbA=="
        }
      ]
    },
    {
      "module": "module.processor-repository",
      "mode": "managed",
      "type": "aws_ecr_repository",
      "name": "repository",
      "provider": "provider[\"registry.terraform.io/hashicorp/aws\"]",
      "instances": [
        {
          "schema_version": 0,
          "attributes": {
            "arn": "arn:aws:ecr:us-east-1:074047115132:repository/processor-repository",
            "encryption_configuration": [
              {
                "encryption_type": "AES256",
                "kms_key": ""
              }
            ],
            "force_delete": null,
            "id": "processor-repository",
            "image_scanning_configuration": [
              {
                "scan_on_push": true
              }
            ],
            "image_tag_mutability": "MUTABLE",
            "name": "processor-repository",
            "registry_id": "074047115132",
            "repository_url": "074047115132.dkr.ecr.us-east-1.amazonaws.com/processor-repository",
            "tags": {
              "Name": "ECR-processor-repository"
            },
            "tags_all": {
              "Name": "ECR-processor-repository"
            },
            "timeouts": null
          },
          "sensitive_attributes": [],
          "private": "eyJlMmJmYjczMC1lY2FhLTExZTYtOGY4OC0zNDM2M2JjN2M0YzAiOnsiZGVsZXRlIjoxMjAwMDAwMDAwMDAwfX0="
        }
      ]
    }
  ],
  "check_results": null
}
